{
  "version": 4,
  "terraform_version": "1.15.8",
  "serial": 331,
  "lineage": "363ccfcc-b3ca-ff6c-47c7-c5ff346237a2",
  "outputs": {
    "aks_cluster_name": {
      "value": "flight-reservation-application-dev-aks",
      "type": "string"
    },
    "aks_kubernetes_version": {
      "value": "1.35",
      "type": "string"
    },
    "aks_oidc_issuer_url": {
      "value": "https://australiasoutheast.oic.prod-aks.azure.com/5bb600c5-4f1f-4325-9247-a9cf51359389/5663212f-8a91-4fab-b7b1-effad3999843/",
      "type": "string"
    },
    "aks_resource_group_name": {
      "value": "flight-reservation-application-aks-dev-rg",
      "type": "string"
    },
    "aks_vnet_name": {
      "value": "flight-reservation-application-aks-dev-vnet",
      "type": "string"
    },
    "ci_vm_private_ip": {
      "value": "10.10.1.4",
      "type": "string"
    },
    "ci_vm_public_ip": {
      "value": "20.104.161.70",
      "type": "string"
    },
    "monitoring_vm_private_ip": {
      "value": "10.10.2.4",
      "type": "string"
    },
    "monitoring_vm_public_ip": {
      "value": "20.175.84.206",
      "type": "string"
    },
    "vm_resource_group_name": {
      "value": "flight-reservation-application-vm-dev-rg",
      "type": "string"
    },
    "vm_vnet_name": {
      "value": "flight-reservation-application-vm-dev-vnet",
      "type": "string"
    }
  },
  "resources": [
    {
      "module": "module.aks",
      "mode": "managed",
      "type": "azurerm_kubernetes_cluster",
      "name": "this",
      "provider": "provider[\"registry.terraform.io/hashicorp/azurerm\"]",
      "instances": [
        {
          "schema_version": 2,
          "attributes": {
            "aci_connector_linux": [],
            "ai_toolchain_operator_enabled": false,
            "api_server_access_profile": [],
            "auto_scaler_profile": [],
            "automatic_upgrade_channel": "",
            "azure_active_directory_role_based_access_control": [],
            "azure_policy_enabled": false,
            "bootstrap_profile": [
              {
                "artifact_source": "Direct",
                "container_registry_id": ""
              }
            ],
            "confidential_computing": [],
            "cost_analysis_enabled": false,
            "current_kubernetes_version": "1.35.7",
            "custom_ca_trust_certificates_base64": [],
            "default_node_pool": [
              {
                "auto_scaling_enabled": false,
                "capacity_reservation_group_id": "",
                "fips_enabled": false,
                "gpu_driver": "",
                "gpu_instance": "",
                "host_encryption_enabled": false,
                "host_group_id": "",
                "kubelet_config": [],
                "kubelet_disk_type": "OS",
                "linux_os_config": [],
                "max_count": 0,
                "max_pods": 30,
                "min_count": 0,
                "name": "system",
                "node_count": 1,
                "node_labels": {},
                "node_network_profile": [],
                "node_public_ip_enabled": false,
                "node_public_ip_prefix_id": "",
                "only_critical_addons_enabled": false,
                "orchestrator_version": "1.35",
                "os_disk_size_gb": 64,
                "os_disk_type": "Managed",
                "os_sku": "Ubuntu",
                "pod_subnet_id": "",
                "proximity_placement_group_id": "",
                "scale_down_mode": "Delete",
                "snapshot_id": "",
                "tags": {},
                "temporary_name_for_rotation": "",
                "type": "VirtualMachineScaleSets",
                "ultra_ssd_enabled": false,
                "upgrade_settings": [
                  {
                    "drain_timeout_in_minutes": 0,
                    "max_surge": "10%",
                    "node_soak_duration_in_minutes": 0,
                    "undrainable_node_behavior": ""
                  }
                ],
                "vm_size": "Standard_D2ads_v6",
                "vnet_subnet_id": "/subscriptions/3a2b3e52-7ab7-4b46-af65-cddfb1489b0a/resourceGroups/flight-reservation-application-aks-dev-rg/providers/Microsoft.Network/virtualNetworks/flight-reservation-application-aks-dev-vnet/subnets/snet-aks",
                "workload_runtime": "",
                "zones": []
              }
            ],
            "disk_encryption_set_id": "",
            "dns_prefix": "flight-reservation-application-dev",
            "dns_prefix_private_cluster": "",
            "edge_zone": "",
            "fqdn": "flight-reservation-application-dev-4fqsqmpq.hcp.australiasoutheast.azmk8s.io",
            "http_application_routing_enabled": false,
            "http_application_routing_zone_name": "",
            "http_proxy_config": [],
            "id": "/subscriptions/3a2b3e52-7ab7-4b46-af65-cddfb1489b0a/resourceGroups/flight-reservation-application-aks-dev-rg/providers/Microsoft.ContainerService/managedClusters/flight-reservation-application-dev-aks",
            "identity": [
              {
                "identity_ids": [
                  "/subscriptions/3a2b3e52-7ab7-4b46-af65-cddfb1489b0a/resourceGroups/flight-reservation-application-aks-dev-rg/providers/Microsoft.ManagedIdentity/userAssignedIdentities/flight-reservation-application-dev-aks-identity"
                ],
                "principal_id": "",
                "tenant_id": "",
                "type": "UserAssigned"
              }
            ],
            "image_cleaner_enabled": null,
            "image_cleaner_interval_hours": null,
            "ingress_application_gateway": [],
            "key_management_service": [],
            "key_vault_secrets_provider": [],
            "kube_admin_config": [],
            "kube_admin_config_raw": "",
            "kube_config": [
              {
                "client_certificate": "LS0tLS1CRUdJTiBDRVJUSUZJQ0FURS0tLS0tCk1JSUZIVENDQXdXZ0F3SUJBZ0lRT3g1QWc4QnBicWlPS1RPNks4bURNakFOQmdrcWhraUc5dzBCQVFzRkFEQU4KTVFzd0NRWURWUVFERXdKallUQWVGdzB5TmpBNU1EY3lNekUwTXpsYUZ3MHlPREE1TURjeU16STBNemxhTURBeApGekFWQmdOVkJBb1REbk41YzNSbGJUcHRZWE4wWlhKek1SVXdFd1lEVlFRREV3eHRZWE4wWlhKamJHbGxiblF3CmdnSWlNQTBHQ1NxR1NJYjNEUUVCQVFVQUE0SUNEd0F3Z2dJS0FvSUNBUUNqV21iOTcxMTRoZjQwQkVINUxDdDcKMnlvRnE3cTZPNlJwMWRURE9GSVF4cG1xM1lTK3dVbkZXa2lNQnB3MG51OGc0ZGZwRnRDNXdiZHVUajNqZFlFSAo0cmtWYXpzWm9nRGxRQ3BkQlE4V1gzQXJ5WWw2R0NSbFJQTzdFcTNWbzlXYnV6V25ZZEJkM1RUNzRQdksydEdsCjYvSTB2NDlKWG0vbjhEMkZXdEV5RGcyYXlrTVR6dlVWNE9FUHVLMjVxU2xyVWt4elpmSkFjNnFxcTU1YTAzNEwKSmY0NDBxWWE2N0IwVVNCRnFTRWVIM2FsenNsTG91RmVGZ2RoSU5XejJ5VTVJZ3VpV2NKZzJvZ1VnUUdTY1NKbgpwOTZ2UWJKV2FSY0w0OXA4Q3BNZHpZdzA2UXpRc3k2b1Y3YUFqbXR6WEtDYUZpSm16ZEI3YU5COGZNV2l6L1NjCmtZQnlQTUJqdXlPWndVWU9tRHlST1lqQXM4TnFuUFJLUzBFN2p5emtJV3Y3WnpuM05vdUtHWHgvcU44cDhJcnoKbXlhWmpxbGFmZFBmUTVxMmVNZm1IaW1sampkWnlzMFd0M3duclQrY1F3bFlucmFBbHp5T040TmVTNHZNb21hZgo4blVnbHk0NkZjS2cyMmx4QXRUMmpXZ3RDbEE5NnAycVJaMU9LVTZ2bjJTK0U4Lzc4c2cwdnVVQzBjS3hEbWp6CnR5M2RSOGx2dmlzK2x5ckcyNjhvUjNydGxBYm45QTBhVHVXMVAxN0RVZjNOcEFQdGc0cUgvK1lXWVptZEhjeUoKZUJhaUVDeVVYZ3ZycUk1Y0pCcmZ4Z0Z6akt4djRYd2ZOYzFsMUwvTmk5UUMyTm5EdUdqdHd6b2lZcktRbCtHNApSZHU0UGRNOEM4NVRDblM2elVRQnpRSURBUUFCbzFZd1ZEQU9CZ05WSFE4QkFmOEVCQU1DQmFBd0V3WURWUjBsCkJBd3dDZ1lJS3dZQkJRVUhBd0l3REFZRFZSMFRBUUgvQkFJd0FEQWZCZ05WSFNNRUdEQVdnQlF1KzJBV2p5YmwKOVFEZTV6WUdqRmNmZnRzNTRqQU5CZ2txaGtpRzl3MEJBUXNGQUFPQ0FnRUFQcWJWcWpoNGFOR1k0am42WDFtWApOYWFWZnpTUVJ1LzBvV0dnR0E1TFhTRTBBdGNGNzN6MEY4NTFwdVNpN2RzdnN6TVFHNHh3UGJLc3BNRS9vT0hzCnNzbFJhK2NxOFhMWWpNVHN0MVdnV3grdjhNdDk3UDVKM0d6Z3Qyc3p5Y0ZTZVhxcW9ZRkhHbjNSaXI5K3RtYjQKYzVtdHlITHI1dHk2ZUx6SWY3S3pkaVBybFhlZmRqRk5kZkpUNE00RDNjVXJlaTJiaTB2TTRsWklXQmVEQ1FTSgpSdi9XaHJTdmZVWi8vNGI4VVpDYUVzN3QxM0tEcWhMb3NTeXIzemIrODhpUHZkMnh6NEVaRjlGc2UwNmE5dFZzCkhYN3JZOHJDMkhjZmFBTURUc2tEUi96Tis5YTdReGRUbmtMdndKOHFvQ2hLQnRVZzFUYytmMHZxd01KYkJHM0IKbGplRU8yMEEvU1RXdlhXc0hCUVZBZVdZcC9nTUhZQXVJMTlXcktTRVY2Q1RBeitBa0lyZGJlTmhMZFJlTzNrbgpPdFlTUFo1dUNsYkFESFVuZU1DUzF3bjdDd3pGY3kzV01INnFpSnNIZUJ5blI5NkNzS3BuMFB1YzdLT1FaQnZkCnp6c1AyY0ZUU3MrOFdWV1lIckxwTE5zV2pUaVlVMlVHMHpmak5oSkNScXE2Q1FQSFlLZUN4VVAwejUrRzEvK2UKVXJBd0dSelgrYXgvOXZZREVMTElRUS96NlNmTURpQTVncmJ4ZXQxZk9hbXh1b1FaNUZNUU56WVVvN3pPVUNRTwpNUUE1WGJEc0Q5d1BTbkN1cmVFUXJBcnQ4KytBYTNxRzFHNGgxZExZSzZqU1hOT3VmRGllaVdNQmVaQXpOYmhsCklUVjRHb2ROZDJxeXBZeFh0VnR1NGZZPQotLS0tLUVORCBDRVJUSUZJQ0FURS0tLS0tCg==",
                "client_key": "LS0tLS1CRUdJTiBSU0EgUFJJVkFURSBLRVktLS0tLQpNSUlKS2dJQkFBS0NBZ0VBbzFwbS9lOWRlSVgrTkFSQitTd3JlOXNxQmF1NnVqdWthZFhVd3poU0VNYVpxdDJFCnZzRkp4VnBJakFhY05KN3ZJT0hYNlJiUXVjRzNiazQ5NDNXQkIrSzVGV3M3R2FJQTVVQXFYUVVQRmw5d0s4bUoKZWhna1pVVHp1eEt0MWFQVm03czFwMkhRWGQwMCsrRDd5dHJScGV2eU5MK1BTVjV2NS9BOWhWclJNZzRObXNwRApFODcxRmVEaEQ3aXR1YWtwYTFKTWMyWHlRSE9xcXF1ZVd0TitDeVgrT05LbUd1dXdkRkVnUmFraEhoOTJwYzdKClM2TGhYaFlIWVNEVnM5c2xPU0lMb2xuQ1lOcUlGSUVCa25FaVo2ZmVyMEd5Vm1rWEMrUGFmQXFUSGMyTU5Pa00KMExNdXFGZTJnSTVyYzF5Z21oWWlaczNRZTJqUWZIekZvcy8wbkpHQWNqekFZN3NqbWNGR0RwZzhrVG1Jd0xQRAphcHowU2t0Qk80OHM1Q0ZyKzJjNTl6YUxpaGw4ZjZqZktmQ0s4NXNtbVk2cFduM1QzME9hdG5qSDVoNHBwWTQzCldjck5GcmQ4SjYwL25FTUpXSjYyZ0pjOGpqZURYa3VMektKbW4vSjFJSmN1T2hYQ29OdHBjUUxVOW8xb0xRcFEKUGVxZHFrV2RUaWxPcjU5a3ZoUFArL0xJTkw3bEF0SENzUTVvODdjdDNVZkpiNzRyUHBjcXh0dXZLRWQ2N1pRRwo1L1FOR2s3bHRUOWV3MUg5emFRRDdZT0toLy9tRm1HWm5SM01pWGdXb2hBc2xGNEw2NmlPWENRYTM4WUJjNHlzCmIrRjhIelhOWmRTL3pZdlVBdGpadzdobzdjTTZJbUt5a0pmaHVFWGJ1RDNUUEF2T1V3cDB1czFFQWMwQ0F3RUEKQVFLQ0FnQVdwWU1YUzk3UHhYWE5STlRYcEZlLzgwMnpYUkJGWHR6bm5sRkJvbGFBUkdSTDg2dUNYWjRxV2Q2cQphUVV4WjJKY0V1dGh3WHU4OFA0SzhSWno2UmV6SGV2T2JDQVVxT2pLWDVldjd6SmRCZXl4YVY2aG1tUzdWSENjCjNCVlZBOEpxdFd6V0VJRzRiYUU1bFVLYktEUjk5Z1ROYXN4RTNlNlNQM1JyL3ovMjJrdHBEUWI1SVUxSmsvUm4KdjFENFp4c2FxWjEzTnlnN1pyMi9yUXpHWjBFM2J2UThjUG05ekRTWm42Q2pmN1BiYnYyK05YbWpQb2pUaUNiTQpRS2JYNlRjVElXVHZCRlltSXMzUVYrVTlwZWtnNlQwK1cxT0wxc1J1N2M4ZHVNS1dGR2ZPY3d2SGlEdmM4MUlXCkp3aC9CUld2M3djMGJPNnRHVVlrS0JFblJnRFJsa0ZWcDJFSzhPMGhod0xUY2pJdWloY3d3RUdjdHNHWWwvT1kKN3B6c3p2Rk9GajE1a29iWm5DVWgwVEREWVBpM0tTMEZSTGVFd2xBNk5SM2J6cy9tLzk4emUzN3dBT2tUK25xbQp2djZtQnBQOWdBS2FGTTBqN2Z3ZDlGT2t1dEs4d2NVOWo1bGNpMmZsSDZ0S0VyVkpReHpDd3oyb1lFRVZHVllKCkFqZldyTVROVGI5a1ZNTzh0bGtYa2VzU2VKWGVWeUw2bkRWaERobStHcjRYNGhQaVhOOWlJREcwNGVlbEo4NksKNXNadVRnbXUrMm91MFV4QUp4RnRKVkpEL3VvbGJCS2lKdDg3eTNFV25TNUQ2ZHUwL3ZXR1ZsYm5YMEdUWUtZSApWZko1REVZVkZKelpjZVJEOEkzSThabTYzUmNKbXpmdExoRlNDZWc3OWhMUHlDMUVhUUtDQVFFQTByaDViVXN3Ck1rM3JtcW5pOXBhNXplNFNVSUltZFljR3hBUUYxanVIb3ZDazdtQU9QQktZMmZybjMvaDJzcXNzdlM0cmNLY2oKc0ZqbDRkZHlxcld2TFRZa3lKWkRyd3JtSmF6VDdSMFZhcm1MR0V0aW5LK2N1NTF5cFNEWEtqT3NON2xFUEV5ZgpydlA5T2ZGK3VCa3k5ZnRpWmR6TnVBdVJ4WTJNeDBaS3c0OE1hVlQ0bXhYWFk0Q01xWndKSzFIejNoWUlWbDEzCnU5c3R4WUV6b2w5TENqTTRYTUVSOWhpV3hTeGI3RllqSG40aXp3VFo3TnZXalBqeURETlJJT2RrNklNWFlLSlQKeDN4UU9MZmxOZ0wwb3RpN2ZSeDRQV3RFd1dIUFljVDFkRHdSYnJmYmROQmdDU0RaY1NuL3h1Q3RHY3hiaS9qTAp5OGJNRG5pWTBuR2lPUUtDQVFFQXhuUktzcWdLKzZ2RFE4VHZiUDlVTHRmZ2VxVVdhZnZkNEFDT3FUdFB1RkVkCmY3dEF1YlpNZlRZOHZ3Q0pIS3FEY0IwNnhFOHhDZEhUZCt2YXdNWHd3dDBiY2hHTkEvREVqRnFxU0N2b3BQMGMKYy9zOTVBZ2RlL3M1S0NGWTlic2xQNTV4Vnc3OW1EeVM4dURqWGFMdlRXZnZTdEY4aHVxcnl1TGFzdS81dDJ6Swo4Z2owVlozbzJNMWV2OVVhZ0tlTkpvVE5jek5lc0tFVWVhbklhbExZY3dNSGFQNTZZYlloWndGd09QUloxUitnCi91NkVQbW1DSjFJbGxtV2xtb08rTm1JNGF6QTJFdFBSMWsyYXBZMExESXdZS25heHp5bVlXc2hpd1FFcmRUMWoKdGtld2phYU1PWUVYcHg5eExEMmZuOHErQ1RFWkNDOFhENFJxd2pqTU5RS0NBUUVBcEVKM0xWSlNKTFNHOTA1OQpCUG5qcHZweFBsN21PZkZpdmNQaEJPbnN4b0JPSVIreG1QUnFRR21NL1JOQysrM2hkeXNaWTd4MlhvNDl6TG5VCndldlV2U3FhcTk0dXJyR1JURWNZQUpzT1NkNk81Z1pGdlp4TFVoamUrSWZNRWpLcmlkaWFyMktQaTZMWWY2V1gKd1V5clpBSnM1cmlqaUZkRWI3bnl4cGd0eVptbDlDbnZqWDBPSkp0ZGl3MStQRTJyQ3pFam1LZE5vWnV1WjJwYQo1TFRoMnZhb2RlMXU0ZWF6Q01xV2NYbUg4TW9rdWptdTR5dFBhUjdhRjlhYzVFaGNhYjllcHM2Qy9sc1NjZFF3CkVkVmwrOWQwOTRjTTE5dlpnZUdMOWt2QmhyVVlaYlZlbGdXbEJ4aWJSOUtVZHVSSEszZ1kyTmk5aklEUUttdXAKdlVvbFNRS0NBUUVBcVhzdFEvQXhHUWR5UmhFTXJGaE42NGRmWlQ1UnF3ZDNUOU1LQXNydFpTcVk5N25TS0FmZwp3Tm90L0t5WGJBelBIVk5KR2RmTHVHZ2lvZnFob2hvcGFERnVPL2R6SjVkYU04ZEdQMGFJYzBiYUlzN0E1MXBxCjI3UUw5eEtycDRoQTRsa00wRjIwQTJ4UHp1NXlIa2lFOStVNFBmd3p6Z0RoMyszbStnUHBqbFZ4NkV2dlpxTHAKOVNWR3NxdHE2ODZydythTWtzS2ZMbGNTWm1peUNPTmhpSzlnaDdFMGtQZjdCTDM4dWhjc0ZNL2pMWFJES2czdgpJbWVNUkNuZ3lObVQrMXZjZE9ZQ2VBZS8zN1g4eVQ5djNUSlRmUWhMQi9HczlITEhxNjYxRDNYekR2dWdjd2gyCkhySDVvamMrN3BwZUZSZ1BQVWhaNlZ4VjVHR2d6dWUwdFFLQ0FRRUFuL3ZkUElzSVExZlRSbUNaaXJCRDJLSkkKWUJxWWh2aTY2MEI4NFM4RjdBc1FlMEdmRHJQRUJIb1BrK1IwSHVPVDRkL1ZLZXpKZWRQNGtvWHJUMlBxTGFOcQpSWWpSRXFYODd5WVQvWE1FOHZTazRGcTFYL21CaFVVTG9pNHlJdS9lcEw0RGpueHVCbkJPOS9SWnBZcC8zNmFsCjdVbFJQbjByb3pnejRiY1pKajZuYkZPdy9yLzBDSENqdU1jd204NXVPRndnZEsxQXJHaGIzK25DWGQ5eEdnckUKcmdYenhQREY4dFE0eEp4YTlidkJLR2NhZFAxUXNrQ0VhbmQ4ZlFGbm5wZHpjS0o5QzhTU2k3dmJHbzJOdXB6LwpFMFNpU25KZkthbW1hbE1UNGNRUkVSbzlGRWJHbTlrNlpwbjZhdU9rR0Vyd3U2WVVUTnlCbFVvd1FxcjhXdz09Ci0tLS0tRU5EIFJTQSBQUklWQVRFIEtFWS0tLS0tCg==",
                "cluster_ca_certificate": "LS0tLS1CRUdJTiBDRVJUSUZJQ0FURS0tLS0tCk1JSUU2VENDQXRHZ0F3SUJBZ0lSQU12ZjUvMEVmSWNMdTRjVXdSUVJ3aGt3RFFZSktvWklodmNOQVFFTEJRQXcKRFRFTE1Ba0dBMVVFQXhNQ1kyRXdJQmNOTWpZd09UQTNNak14TkRNNVdoZ1BNakExTmpBNU1EY3lNekkwTXpsYQpNQTB4Q3pBSkJnTlZCQU1UQW1OaE1JSUNJakFOQmdrcWhraUc5dzBCQVFFRkFBT0NBZzhBTUlJQ0NnS0NBZ0VBCm9FZm8waWg1Q214NXpwdHdiYTNmZTJLQ3JocVlFL1o4MVFNZjA5ODlOcGwwRmYrekJWZUZ0NjJOVFJ4T2NIeUgKK0hoSnJPcW1qU3ZQejNaQlRxRnBiRXF1QVl3bVVYMXRxK1psKzZYN3hVNmUxaEhxdHljWTVPcnEvelFYWEp6NQozN3JkNDBPRkt3ZDVkMXJqNHVTUEhHT3g3cmUwWDhielk5czY0VllkMW0rUzhqK0tKMUpiTTNtMTlaVXNiUkVvCkw0NEFxYjFMZ2k0NEQ0QWRQNDdZazhYczllbWdyV2VyM3FpQmdWT0dOb0ZXUTFaMlgvdFhQTWo2elQwL2FsM2sKZHpEcFVYV2FWYlNZVEpQRStYT3JZa3hGSGY1Vnp4UjU4b2lFRHcyQVptNldEajZoQnFEUHk2Y3NWbnlOQUk5VwpaL05mV2o1ZHpFWHQ4eUFYdXZzWS9Yb3g3NnpiZ0JNU1JMd2ZzdWo3ZTg2ei9JUGk1cmV1K0hKb2JIZHhFOEpGCnlFSzN2cDJxNHVqQUlzYWtlYXRDdDZ2RFhOOGVDNEROcldCRWtlRTcwRndyUlZnTlRQclEzak9ZdlEvaHV3Z08KOHloNWdiZDZsN1dEQUNWOHBNOGgzNWd3VHM1QktBMUFTVGRXT2NwL3paNE5vSE5TcnBZaXJGajFJQ29xYm84MwpWMXdyRVRHbG9jS3dzaStWQnNMSDNGVldyZUZVL1NxVHlCUUlyTU0rVXlTTVU3azQ1TUpMaDRidmlNalk5bDZCCk50czlJbnp1VWY2Ui9QZ2tUbEk3dk5Hc2dpZTNhRWdmNmFCSTZpYUNsNmJLNTRvTGhYVVNnN3BZRjBZR0FOUEwKMGkxam9YSERuYWs1TlJtdVVjUDlIZCtITi9ZRFJvZzVzUmsvTVptanVCY0NBd0VBQWFOQ01FQXdEZ1lEVlIwUApBUUgvQkFRREFnS2tNQThHQTFVZEV3RUIvd1FGTUFNQkFmOHdIUVlEVlIwT0JCWUVGQzc3WUJhUEp1WDFBTjduCk5nYU1WeDkrMnpuaU1BMEdDU3FHU0liM0RRRUJDd1VBQTRJQ0FRQ1dHdnJ6Y253QVhxaUYza1IxaFA5bTdEOE8KTUhJVTVGb2ZsSllvOEFEQ21nYmtoVFU1cHdFbFNtbFFwYkNOenlNdWFFZ1BxVk4yRjFleVJuRFQ1MitwWDh0NgpmTnl1Q2VTcUNGS3AxZHk0bitWN2E5czZkL0hXZitNdVZoM1NEUzVwYzM1Vi8rWnFVa0x2dTJobExqL0kxZW5OClJyMUNHdjFZL0liSjFrMUJpSU52OUhVbTA2ZVE3RlpvM2FUWlZmSlZtTU5CN0UwYWZNSkg4SkliSVg5dEVlWEsKYkJ2NUx4L1pzbVBzUTlGTXZDcEw5YXVMYldRTElHRGxCUmhXckU1eGFhVFhGNFp2eEo4Z1p0VTRPVzVDNDJTZQova3A5SDNoWC9QRTAycnlYQWh5QVJQT1F3cGEwem1zWHJFVVRmSldnNjRscTQ0R3lIN0hSbHoxUHR4eGtUV1V4ClRLN3ljSHZuUWJtU0NBRDM5OTl3czhwRXhId3Qwc1F5WCtRMkVaWGlnMTFNWTAzOHRURzFsazNHYVlKeEszaDcKQS8wUUpzcmdDNkw4bVhrc215dS83Yk9aVVlsMmFPdVFaRWxCTDg5SzU0WHNaL01WNjFkOTg1SEp5SWE1ZTlCTQpha3YxOTVaTmpGclhUYklmcjEwTWdhQ3lJSTlTUGljOUxjYWNENzQ5SmdiWmRZMkozcFYrSGp5ejVPNTBpQWluCkRMUWdiQUtYbXBBeHpxNUlEelFEOXVxbXBxeDhMdDRMNzROV0grVDFvSUk2K1dGVFVjdXo2YTl3U2RyZlNDVGIKYVRqdFV1d2srSTgvWWlDZEFlZTQ2RWhBK3RGT2hQSDdya09xVkhtakxERC9JYU1iZ2huRDdNUW8zdVorQlBiKwppcnZmYVY1Mkxua1hZY2hmdnc9PQotLS0tLUVORCBDRVJUSUZJQ0FURS0tLS0tCg==",
                "host": "https://flight-reservation-application-dev-4fqsqmpq.hcp.australiasoutheast.azmk8s.io:443",
                "password": "r5ocbnhpoj92kkiwjk76qluiw8lk4967qps25ahmyl4nhias7yj5nxum4e1hcju49gy7x7ybgrdgw7pettyfp8ahh8vcawz1vwz6xg2wqdk83njb9arzhe0gzg2ohq7m",
                "username": "clusterUser_flight-reservation-application-aks-dev-rg_flight-reservation-application-dev-aks"
              }
            ],
            "kube_config_raw": "apiVersion: v1\nclusters:\n- cluster:\n    certificate-authority-data: LS0tLS1CRUdJTiBDRVJUSUZJQ0FURS0tLS0tCk1JSUU2VENDQXRHZ0F3SUJBZ0lSQU12ZjUvMEVmSWNMdTRjVXdSUVJ3aGt3RFFZSktvWklodmNOQVFFTEJRQXcKRFRFTE1Ba0dBMVVFQXhNQ1kyRXdJQmNOTWpZd09UQTNNak14TkRNNVdoZ1BNakExTmpBNU1EY3lNekkwTXpsYQpNQTB4Q3pBSkJnTlZCQU1UQW1OaE1JSUNJakFOQmdrcWhraUc5dzBCQVFFRkFBT0NBZzhBTUlJQ0NnS0NBZ0VBCm9FZm8waWg1Q214NXpwdHdiYTNmZTJLQ3JocVlFL1o4MVFNZjA5ODlOcGwwRmYrekJWZUZ0NjJOVFJ4T2NIeUgKK0hoSnJPcW1qU3ZQejNaQlRxRnBiRXF1QVl3bVVYMXRxK1psKzZYN3hVNmUxaEhxdHljWTVPcnEvelFYWEp6NQozN3JkNDBPRkt3ZDVkMXJqNHVTUEhHT3g3cmUwWDhielk5czY0VllkMW0rUzhqK0tKMUpiTTNtMTlaVXNiUkVvCkw0NEFxYjFMZ2k0NEQ0QWRQNDdZazhYczllbWdyV2VyM3FpQmdWT0dOb0ZXUTFaMlgvdFhQTWo2elQwL2FsM2sKZHpEcFVYV2FWYlNZVEpQRStYT3JZa3hGSGY1Vnp4UjU4b2lFRHcyQVptNldEajZoQnFEUHk2Y3NWbnlOQUk5VwpaL05mV2o1ZHpFWHQ4eUFYdXZzWS9Yb3g3NnpiZ0JNU1JMd2ZzdWo3ZTg2ei9JUGk1cmV1K0hKb2JIZHhFOEpGCnlFSzN2cDJxNHVqQUlzYWtlYXRDdDZ2RFhOOGVDNEROcldCRWtlRTcwRndyUlZnTlRQclEzak9ZdlEvaHV3Z08KOHloNWdiZDZsN1dEQUNWOHBNOGgzNWd3VHM1QktBMUFTVGRXT2NwL3paNE5vSE5TcnBZaXJGajFJQ29xYm84MwpWMXdyRVRHbG9jS3dzaStWQnNMSDNGVldyZUZVL1NxVHlCUUlyTU0rVXlTTVU3azQ1TUpMaDRidmlNalk5bDZCCk50czlJbnp1VWY2Ui9QZ2tUbEk3dk5Hc2dpZTNhRWdmNmFCSTZpYUNsNmJLNTRvTGhYVVNnN3BZRjBZR0FOUEwKMGkxam9YSERuYWs1TlJtdVVjUDlIZCtITi9ZRFJvZzVzUmsvTVptanVCY0NBd0VBQWFOQ01FQXdEZ1lEVlIwUApBUUgvQkFRREFnS2tNQThHQTFVZEV3RUIvd1FGTUFNQkFmOHdIUVlEVlIwT0JCWUVGQzc3WUJhUEp1WDFBTjduCk5nYU1WeDkrMnpuaU1BMEdDU3FHU0liM0RRRUJDd1VBQTRJQ0FRQ1dHdnJ6Y253QVhxaUYza1IxaFA5bTdEOE8KTUhJVTVGb2ZsSllvOEFEQ21nYmtoVFU1cHdFbFNtbFFwYkNOenlNdWFFZ1BxVk4yRjFleVJuRFQ1MitwWDh0NgpmTnl1Q2VTcUNGS3AxZHk0bitWN2E5czZkL0hXZitNdVZoM1NEUzVwYzM1Vi8rWnFVa0x2dTJobExqL0kxZW5OClJyMUNHdjFZL0liSjFrMUJpSU52OUhVbTA2ZVE3RlpvM2FUWlZmSlZtTU5CN0UwYWZNSkg4SkliSVg5dEVlWEsKYkJ2NUx4L1pzbVBzUTlGTXZDcEw5YXVMYldRTElHRGxCUmhXckU1eGFhVFhGNFp2eEo4Z1p0VTRPVzVDNDJTZQova3A5SDNoWC9QRTAycnlYQWh5QVJQT1F3cGEwem1zWHJFVVRmSldnNjRscTQ0R3lIN0hSbHoxUHR4eGtUV1V4ClRLN3ljSHZuUWJtU0NBRDM5OTl3czhwRXhId3Qwc1F5WCtRMkVaWGlnMTFNWTAzOHRURzFsazNHYVlKeEszaDcKQS8wUUpzcmdDNkw4bVhrc215dS83Yk9aVVlsMmFPdVFaRWxCTDg5SzU0WHNaL01WNjFkOTg1SEp5SWE1ZTlCTQpha3YxOTVaTmpGclhUYklmcjEwTWdhQ3lJSTlTUGljOUxjYWNENzQ5SmdiWmRZMkozcFYrSGp5ejVPNTBpQWluCkRMUWdiQUtYbXBBeHpxNUlEelFEOXVxbXBxeDhMdDRMNzROV0grVDFvSUk2K1dGVFVjdXo2YTl3U2RyZlNDVGIKYVRqdFV1d2srSTgvWWlDZEFlZTQ2RWhBK3RGT2hQSDdya09xVkhtakxERC9JYU1iZ2huRDdNUW8zdVorQlBiKwppcnZmYVY1Mkxua1hZY2hmdnc9PQotLS0tLUVORCBDRVJUSUZJQ0FURS0tLS0tCg==\n    server: https://flight-reservation-application-dev-4fqsqmpq.hcp.australiasoutheast.azmk8s.io:443\n  name: flight-reservation-application-dev-aks\ncontexts:\n- context:\n    cluster: flight-reservation-application-dev-aks\n    user: clusterUser_flight-reservation-application-aks-dev-rg_flight-reservation-application-dev-aks\n  name: flight-reservation-application-dev-aks\ncurrent-context: flight-reservation-application-dev-aks\nkind: Config\nusers:\n- name: clusterUser_flight-reservation-application-aks-dev-rg_flight-reservation-application-dev-aks\n  user:\n    client-certificate-data: LS0tLS1CRUdJTiBDRVJUSUZJQ0FURS0tLS0tCk1JSUZIVENDQXdXZ0F3SUJBZ0lRT3g1QWc4QnBicWlPS1RPNks4bURNakFOQmdrcWhraUc5dzBCQVFzRkFEQU4KTVFzd0NRWURWUVFERXdKallUQWVGdzB5TmpBNU1EY3lNekUwTXpsYUZ3MHlPREE1TURjeU16STBNemxhTURBeApGekFWQmdOVkJBb1REbk41YzNSbGJUcHRZWE4wWlhKek1SVXdFd1lEVlFRREV3eHRZWE4wWlhKamJHbGxiblF3CmdnSWlNQTBHQ1NxR1NJYjNEUUVCQVFVQUE0SUNEd0F3Z2dJS0FvSUNBUUNqV21iOTcxMTRoZjQwQkVINUxDdDcKMnlvRnE3cTZPNlJwMWRURE9GSVF4cG1xM1lTK3dVbkZXa2lNQnB3MG51OGc0ZGZwRnRDNXdiZHVUajNqZFlFSAo0cmtWYXpzWm9nRGxRQ3BkQlE4V1gzQXJ5WWw2R0NSbFJQTzdFcTNWbzlXYnV6V25ZZEJkM1RUNzRQdksydEdsCjYvSTB2NDlKWG0vbjhEMkZXdEV5RGcyYXlrTVR6dlVWNE9FUHVLMjVxU2xyVWt4elpmSkFjNnFxcTU1YTAzNEwKSmY0NDBxWWE2N0IwVVNCRnFTRWVIM2FsenNsTG91RmVGZ2RoSU5XejJ5VTVJZ3VpV2NKZzJvZ1VnUUdTY1NKbgpwOTZ2UWJKV2FSY0w0OXA4Q3BNZHpZdzA2UXpRc3k2b1Y3YUFqbXR6WEtDYUZpSm16ZEI3YU5COGZNV2l6L1NjCmtZQnlQTUJqdXlPWndVWU9tRHlST1lqQXM4TnFuUFJLUzBFN2p5emtJV3Y3WnpuM05vdUtHWHgvcU44cDhJcnoKbXlhWmpxbGFmZFBmUTVxMmVNZm1IaW1sampkWnlzMFd0M3duclQrY1F3bFlucmFBbHp5T040TmVTNHZNb21hZgo4blVnbHk0NkZjS2cyMmx4QXRUMmpXZ3RDbEE5NnAycVJaMU9LVTZ2bjJTK0U4Lzc4c2cwdnVVQzBjS3hEbWp6CnR5M2RSOGx2dmlzK2x5ckcyNjhvUjNydGxBYm45QTBhVHVXMVAxN0RVZjNOcEFQdGc0cUgvK1lXWVptZEhjeUoKZUJhaUVDeVVYZ3ZycUk1Y0pCcmZ4Z0Z6akt4djRYd2ZOYzFsMUwvTmk5UUMyTm5EdUdqdHd6b2lZcktRbCtHNApSZHU0UGRNOEM4NVRDblM2elVRQnpRSURBUUFCbzFZd1ZEQU9CZ05WSFE4QkFmOEVCQU1DQmFBd0V3WURWUjBsCkJBd3dDZ1lJS3dZQkJRVUhBd0l3REFZRFZSMFRBUUgvQkFJd0FEQWZCZ05WSFNNRUdEQVdnQlF1KzJBV2p5YmwKOVFEZTV6WUdqRmNmZnRzNTRqQU5CZ2txaGtpRzl3MEJBUXNGQUFPQ0FnRUFQcWJWcWpoNGFOR1k0am42WDFtWApOYWFWZnpTUVJ1LzBvV0dnR0E1TFhTRTBBdGNGNzN6MEY4NTFwdVNpN2RzdnN6TVFHNHh3UGJLc3BNRS9vT0hzCnNzbFJhK2NxOFhMWWpNVHN0MVdnV3grdjhNdDk3UDVKM0d6Z3Qyc3p5Y0ZTZVhxcW9ZRkhHbjNSaXI5K3RtYjQKYzVtdHlITHI1dHk2ZUx6SWY3S3pkaVBybFhlZmRqRk5kZkpUNE00RDNjVXJlaTJiaTB2TTRsWklXQmVEQ1FTSgpSdi9XaHJTdmZVWi8vNGI4VVpDYUVzN3QxM0tEcWhMb3NTeXIzemIrODhpUHZkMnh6NEVaRjlGc2UwNmE5dFZzCkhYN3JZOHJDMkhjZmFBTURUc2tEUi96Tis5YTdReGRUbmtMdndKOHFvQ2hLQnRVZzFUYytmMHZxd01KYkJHM0IKbGplRU8yMEEvU1RXdlhXc0hCUVZBZVdZcC9nTUhZQXVJMTlXcktTRVY2Q1RBeitBa0lyZGJlTmhMZFJlTzNrbgpPdFlTUFo1dUNsYkFESFVuZU1DUzF3bjdDd3pGY3kzV01INnFpSnNIZUJ5blI5NkNzS3BuMFB1YzdLT1FaQnZkCnp6c1AyY0ZUU3MrOFdWV1lIckxwTE5zV2pUaVlVMlVHMHpmak5oSkNScXE2Q1FQSFlLZUN4VVAwejUrRzEvK2UKVXJBd0dSelgrYXgvOXZZREVMTElRUS96NlNmTURpQTVncmJ4ZXQxZk9hbXh1b1FaNUZNUU56WVVvN3pPVUNRTwpNUUE1WGJEc0Q5d1BTbkN1cmVFUXJBcnQ4KytBYTNxRzFHNGgxZExZSzZqU1hOT3VmRGllaVdNQmVaQXpOYmhsCklUVjRHb2ROZDJxeXBZeFh0VnR1NGZZPQotLS0tLUVORCBDRVJUSUZJQ0FURS0tLS0tCg==\n    client-key-data: LS0tLS1CRUdJTiBSU0EgUFJJVkFURSBLRVktLS0tLQpNSUlKS2dJQkFBS0NBZ0VBbzFwbS9lOWRlSVgrTkFSQitTd3JlOXNxQmF1NnVqdWthZFhVd3poU0VNYVpxdDJFCnZzRkp4VnBJakFhY05KN3ZJT0hYNlJiUXVjRzNiazQ5NDNXQkIrSzVGV3M3R2FJQTVVQXFYUVVQRmw5d0s4bUoKZWhna1pVVHp1eEt0MWFQVm03czFwMkhRWGQwMCsrRDd5dHJScGV2eU5MK1BTVjV2NS9BOWhWclJNZzRObXNwRApFODcxRmVEaEQ3aXR1YWtwYTFKTWMyWHlRSE9xcXF1ZVd0TitDeVgrT05LbUd1dXdkRkVnUmFraEhoOTJwYzdKClM2TGhYaFlIWVNEVnM5c2xPU0lMb2xuQ1lOcUlGSUVCa25FaVo2ZmVyMEd5Vm1rWEMrUGFmQXFUSGMyTU5Pa00KMExNdXFGZTJnSTVyYzF5Z21oWWlaczNRZTJqUWZIekZvcy8wbkpHQWNqekFZN3NqbWNGR0RwZzhrVG1Jd0xQRAphcHowU2t0Qk80OHM1Q0ZyKzJjNTl6YUxpaGw4ZjZqZktmQ0s4NXNtbVk2cFduM1QzME9hdG5qSDVoNHBwWTQzCldjck5GcmQ4SjYwL25FTUpXSjYyZ0pjOGpqZURYa3VMektKbW4vSjFJSmN1T2hYQ29OdHBjUUxVOW8xb0xRcFEKUGVxZHFrV2RUaWxPcjU5a3ZoUFArL0xJTkw3bEF0SENzUTVvODdjdDNVZkpiNzRyUHBjcXh0dXZLRWQ2N1pRRwo1L1FOR2s3bHRUOWV3MUg5emFRRDdZT0toLy9tRm1HWm5SM01pWGdXb2hBc2xGNEw2NmlPWENRYTM4WUJjNHlzCmIrRjhIelhOWmRTL3pZdlVBdGpadzdobzdjTTZJbUt5a0pmaHVFWGJ1RDNUUEF2T1V3cDB1czFFQWMwQ0F3RUEKQVFLQ0FnQVdwWU1YUzk3UHhYWE5STlRYcEZlLzgwMnpYUkJGWHR6bm5sRkJvbGFBUkdSTDg2dUNYWjRxV2Q2cQphUVV4WjJKY0V1dGh3WHU4OFA0SzhSWno2UmV6SGV2T2JDQVVxT2pLWDVldjd6SmRCZXl4YVY2aG1tUzdWSENjCjNCVlZBOEpxdFd6V0VJRzRiYUU1bFVLYktEUjk5Z1ROYXN4RTNlNlNQM1JyL3ovMjJrdHBEUWI1SVUxSmsvUm4KdjFENFp4c2FxWjEzTnlnN1pyMi9yUXpHWjBFM2J2UThjUG05ekRTWm42Q2pmN1BiYnYyK05YbWpQb2pUaUNiTQpRS2JYNlRjVElXVHZCRlltSXMzUVYrVTlwZWtnNlQwK1cxT0wxc1J1N2M4ZHVNS1dGR2ZPY3d2SGlEdmM4MUlXCkp3aC9CUld2M3djMGJPNnRHVVlrS0JFblJnRFJsa0ZWcDJFSzhPMGhod0xUY2pJdWloY3d3RUdjdHNHWWwvT1kKN3B6c3p2Rk9GajE1a29iWm5DVWgwVEREWVBpM0tTMEZSTGVFd2xBNk5SM2J6cy9tLzk4emUzN3dBT2tUK25xbQp2djZtQnBQOWdBS2FGTTBqN2Z3ZDlGT2t1dEs4d2NVOWo1bGNpMmZsSDZ0S0VyVkpReHpDd3oyb1lFRVZHVllKCkFqZldyTVROVGI5a1ZNTzh0bGtYa2VzU2VKWGVWeUw2bkRWaERobStHcjRYNGhQaVhOOWlJREcwNGVlbEo4NksKNXNadVRnbXUrMm91MFV4QUp4RnRKVkpEL3VvbGJCS2lKdDg3eTNFV25TNUQ2ZHUwL3ZXR1ZsYm5YMEdUWUtZSApWZko1REVZVkZKelpjZVJEOEkzSThabTYzUmNKbXpmdExoRlNDZWc3OWhMUHlDMUVhUUtDQVFFQTByaDViVXN3Ck1rM3JtcW5pOXBhNXplNFNVSUltZFljR3hBUUYxanVIb3ZDazdtQU9QQktZMmZybjMvaDJzcXNzdlM0cmNLY2oKc0ZqbDRkZHlxcld2TFRZa3lKWkRyd3JtSmF6VDdSMFZhcm1MR0V0aW5LK2N1NTF5cFNEWEtqT3NON2xFUEV5ZgpydlA5T2ZGK3VCa3k5ZnRpWmR6TnVBdVJ4WTJNeDBaS3c0OE1hVlQ0bXhYWFk0Q01xWndKSzFIejNoWUlWbDEzCnU5c3R4WUV6b2w5TENqTTRYTUVSOWhpV3hTeGI3RllqSG40aXp3VFo3TnZXalBqeURETlJJT2RrNklNWFlLSlQKeDN4UU9MZmxOZ0wwb3RpN2ZSeDRQV3RFd1dIUFljVDFkRHdSYnJmYmROQmdDU0RaY1NuL3h1Q3RHY3hiaS9qTAp5OGJNRG5pWTBuR2lPUUtDQVFFQXhuUktzcWdLKzZ2RFE4VHZiUDlVTHRmZ2VxVVdhZnZkNEFDT3FUdFB1RkVkCmY3dEF1YlpNZlRZOHZ3Q0pIS3FEY0IwNnhFOHhDZEhUZCt2YXdNWHd3dDBiY2hHTkEvREVqRnFxU0N2b3BQMGMKYy9zOTVBZ2RlL3M1S0NGWTlic2xQNTV4Vnc3OW1EeVM4dURqWGFMdlRXZnZTdEY4aHVxcnl1TGFzdS81dDJ6Swo4Z2owVlozbzJNMWV2OVVhZ0tlTkpvVE5jek5lc0tFVWVhbklhbExZY3dNSGFQNTZZYlloWndGd09QUloxUitnCi91NkVQbW1DSjFJbGxtV2xtb08rTm1JNGF6QTJFdFBSMWsyYXBZMExESXdZS25heHp5bVlXc2hpd1FFcmRUMWoKdGtld2phYU1PWUVYcHg5eExEMmZuOHErQ1RFWkNDOFhENFJxd2pqTU5RS0NBUUVBcEVKM0xWSlNKTFNHOTA1OQpCUG5qcHZweFBsN21PZkZpdmNQaEJPbnN4b0JPSVIreG1QUnFRR21NL1JOQysrM2hkeXNaWTd4MlhvNDl6TG5VCndldlV2U3FhcTk0dXJyR1JURWNZQUpzT1NkNk81Z1pGdlp4TFVoamUrSWZNRWpLcmlkaWFyMktQaTZMWWY2V1gKd1V5clpBSnM1cmlqaUZkRWI3bnl4cGd0eVptbDlDbnZqWDBPSkp0ZGl3MStQRTJyQ3pFam1LZE5vWnV1WjJwYQo1TFRoMnZhb2RlMXU0ZWF6Q01xV2NYbUg4TW9rdWptdTR5dFBhUjdhRjlhYzVFaGNhYjllcHM2Qy9sc1NjZFF3CkVkVmwrOWQwOTRjTTE5dlpnZUdMOWt2QmhyVVlaYlZlbGdXbEJ4aWJSOUtVZHVSSEszZ1kyTmk5aklEUUttdXAKdlVvbFNRS0NBUUVBcVhzdFEvQXhHUWR5UmhFTXJGaE42NGRmWlQ1UnF3ZDNUOU1LQXNydFpTcVk5N25TS0FmZwp3Tm90L0t5WGJBelBIVk5KR2RmTHVHZ2lvZnFob2hvcGFERnVPL2R6SjVkYU04ZEdQMGFJYzBiYUlzN0E1MXBxCjI3UUw5eEtycDRoQTRsa00wRjIwQTJ4UHp1NXlIa2lFOStVNFBmd3p6Z0RoMyszbStnUHBqbFZ4NkV2dlpxTHAKOVNWR3NxdHE2ODZydythTWtzS2ZMbGNTWm1peUNPTmhpSzlnaDdFMGtQZjdCTDM4dWhjc0ZNL2pMWFJES2czdgpJbWVNUkNuZ3lObVQrMXZjZE9ZQ2VBZS8zN1g4eVQ5djNUSlRmUWhMQi9HczlITEhxNjYxRDNYekR2dWdjd2gyCkhySDVvamMrN3BwZUZSZ1BQVWhaNlZ4VjVHR2d6dWUwdFFLQ0FRRUFuL3ZkUElzSVExZlRSbUNaaXJCRDJLSkkKWUJxWWh2aTY2MEI4NFM4RjdBc1FlMEdmRHJQRUJIb1BrK1IwSHVPVDRkL1ZLZXpKZWRQNGtvWHJUMlBxTGFOcQpSWWpSRXFYODd5WVQvWE1FOHZTazRGcTFYL21CaFVVTG9pNHlJdS9lcEw0RGpueHVCbkJPOS9SWnBZcC8zNmFsCjdVbFJQbjByb3pnejRiY1pKajZuYkZPdy9yLzBDSENqdU1jd204NXVPRndnZEsxQXJHaGIzK25DWGQ5eEdnckUKcmdYenhQREY4dFE0eEp4YTlidkJLR2NhZFAxUXNrQ0VhbmQ4ZlFGbm5wZHpjS0o5QzhTU2k3dmJHbzJOdXB6LwpFMFNpU25KZkthbW1hbE1UNGNRUkVSbzlGRWJHbTlrNlpwbjZhdU9rR0Vyd3U2WVVUTnlCbFVvd1FxcjhXdz09Ci0tLS0tRU5EIFJTQSBQUklWQVRFIEtFWS0tLS0tCg==\n    token: r5ocbnhpoj92kkiwjk76qluiw8lk4967qps25ahmyl4nhias7yj5nxum4e1hcju49gy7x7ybgrdgw7pettyfp8ahh8vcawz1vwz6xg2wqdk83njb9arzhe0gzg2ohq7m\n",
            "kubelet_identity": [
              {
                "client_id": "d4fa9d5b-2e81-4462-b89c-4f60d58f4abc",
                "object_id": "45b230a7-bb0c-407f-922d-944d8af2712b",
                "user_assigned_identity_id": "/subscriptions/3a2b3e52-7ab7-4b46-af65-cddfb1489b0a/resourceGroups/flight-reservation-application-dev-aksnodes/providers/Microsoft.ManagedIdentity/userAssignedIdentities/flight-reservation-application-dev-aks-agentpool"
              }
            ],
            "kubernetes_version": "1.35",
            "linux_profile": [],
            "local_account_disabled": false,
            "location": "australiasoutheast",
            "maintenance_window": [],
            "maintenance_window_auto_upgrade": [],
            "maintenance_window_node_os": [],
            "microsoft_defender": [],
            "monitor_metrics": [],
            "name": "flight-reservation-application-dev-aks",
            "network_profile": [
              {
                "advanced_networking": [],
                "dns_service_ip": "10.30.0.10",
                "ip_versions": [
                  "IPv4"
                ],
                "load_balancer_profile": [
                  {
                    "backend_pool_type": "NodeIPConfiguration",
                    "effective_outbound_ips": [
                      "/subscriptions/3a2b3e52-7ab7-4b46-af65-cddfb1489b0a/resourceGroups/flight-reservation-application-dev-aksnodes/providers/Microsoft.Network/publicIPAddresses/8f706c4a-60a0-4826-8027-7d923686a45f"
                    ],
                    "idle_timeout_in_minutes": 0,
                    "managed_outbound_ip_count": 1,
                    "managed_outbound_ipv6_count": 0,
                    "outbound_ip_address_ids": [],
                    "outbound_ip_prefix_ids": [],
                    "outbound_ports_allocated": 0
                  }
                ],
                "load_balancer_sku": "standard",
                "nat_gateway_profile": [],
                "network_data_plane": "azure",
                "network_mode": "",
                "network_plugin": "azure",
                "network_plugin_mode": "",
                "network_policy": "azure",
                "outbound_type": "loadBalancer",
                "pod_cidr": "",
                "pod_cidrs": [],
                "service_cidr": "10.30.0.0/16",
                "service_cidrs": [
                  "10.30.0.0/16"
                ]
              }
            ],
            "node_os_upgrade_channel": "NodeImage",
            "node_provisioning_profile": [
              {
                "default_node_pools": "",
                "mode": "Manual"
              }
            ],
            "node_resource_group": "flight-reservation-application-dev-aksnodes",
            "node_resource_group_id": "/subscriptions/3a2b3e52-7ab7-4b46-af65-cddfb1489b0a/resourceGroups/flight-reservation-application-dev-aksnodes",
            "oidc_issuer_enabled": true,
            "oidc_issuer_url": "https://australiasoutheast.oic.prod-aks.azure.com/5bb600c5-4f1f-4325-9247-a9cf51359389/5663212f-8a91-4fab-b7b1-effad3999843/",
            "oms_agent": [],
            "open_service_mesh_enabled": false,
            "portal_fqdn": "flight-reservation-application-dev-4fqsqmpq.portal.hcp.australiasoutheast.azmk8s.io",
            "private_cluster_enabled": false,
            "private_cluster_public_fqdn_enabled": false,
            "private_dns_zone_id": "",
            "private_fqdn": "",
            "resource_group_name": "flight-reservation-application-aks-dev-rg",
            "role_based_access_control_enabled": true,
            "run_command_enabled": true,
            "service_mesh_profile": [],
            "service_principal": [],
            "sku_tier": "Free",
            "storage_profile": [],
            "support_plan": "KubernetesOfficial",
            "tags": {
              "environment": "dev",
              "project": "flight-reservation-application"
            },
            "timeouts": null,
            "upgrade_override": [],
            "web_app_routing": [],
            "windows_profile": [
              {
                "admin_password": "",
                "admin_username": "azureuser",
                "gmsa": [],
                "license": ""
              }
            ],
            "workload_autoscaler_profile": [],
            "workload_identity_enabled": true
          },
          "sensitive_attributes": [
            [
              {
                "type": "get_attr",
                "value": "kube_admin_config"
              }
            ],
            [
              {
                "type": "get_attr",
                "value": "kube_admin_config_raw"
              }
            ],
            [
              {
                "type": "get_attr",
                "value": "kube_config"
              }
            ],
            [
              {
                "type": "get_attr",
                "value": "kube_config_raw"
              }
            ],
            [
              {
                "type": "get_attr",
                "value": "windows_profile"
              },
              {
                "type": "index",
                "value": {
                  "value": 0,
                  "type": "number"
                }
              },
              {
                "type": "get_attr",
                "value": "admin_password"
              }
            ]
          ],
          "identity_schema_version": 0,
          "private": "eyJlMmJmYjczMC1lY2FhLTExZTYtOGY4OC0zNDM2M2JjN2M0YzAiOnsiY3JlYXRlIjo1NDAwMDAwMDAwMDAwLCJkZWxldGUiOjU0MDAwMDAwMDAwMDAsInJlYWQiOjMwMDAwMDAwMDAwMCwidXBkYXRlIjo1NDAwMDAwMDAwMDAwfSwic2NoZW1hX3ZlcnNpb24iOiIyIn0=",
          "dependencies": [
            "module.aks.azurerm_role_assignment.network_contributor",
            "module.aks.azurerm_user_assigned_identity.aks",
            "module.aks_network.azurerm_resource_group.this",
            "module.aks_network.azurerm_subnet.this",
            "module.aks_network.azurerm_virtual_network.this"
          ]
        }
      ]
    },
    {
      "module": "module.aks",
      "mode": "managed",
      "type": "azurerm_role_assignment",
      "name": "network_contributor",
      "provider": "provider[\"registry.terraform.io/hashicorp/azurerm\"]",
      "instances": [
        {
          "schema_version": 0,
          "attributes": {
            "condition": "",
            "condition_version": "",
            "delegated_managed_identity_resource_id": "",
            "description": "",
            "id": "/subscriptions/3a2b3e52-7ab7-4b46-af65-cddfb1489b0a/resourceGroups/flight-reservation-application-aks-dev-rg/providers/Microsoft.Network/virtualNetworks/flight-reservation-application-aks-dev-vnet/subnets/snet-aks/providers/Microsoft.Authorization/roleAssignments/349dceef-5186-dc12-2a7d-f30ff3f4c847",
            "name": "349dceef-5186-dc12-2a7d-f30ff3f4c847",
            "principal_id": "5aa5d9df-1f47-437d-a7d7-9a6538c20d55",
            "principal_type": "ServicePrincipal",
            "role_definition_id": "/subscriptions/3a2b3e52-7ab7-4b46-af65-cddfb1489b0a/providers/Microsoft.Authorization/roleDefinitions/4d97b98b-1d4f-4787-a291-c67834d212e7",
            "role_definition_name": "Network Contributor",
            "scope": "/subscriptions/3a2b3e52-7ab7-4b46-af65-cddfb1489b0a/resourceGroups/flight-reservation-application-aks-dev-rg/providers/Microsoft.Network/virtualNetworks/flight-reservation-application-aks-dev-vnet/subnets/snet-aks",
            "skip_service_principal_aad_check": null,
            "timeouts": null
          },
          "sensitive_attributes": [],
          "identity_schema_version": 0,
          "private": "eyJlMmJmYjczMC1lY2FhLTExZTYtOGY4OC0zNDM2M2JjN2M0YzAiOnsiY3JlYXRlIjoxODAwMDAwMDAwMDAwLCJkZWxldGUiOjE4MDAwMDAwMDAwMDAsInJlYWQiOjMwMDAwMDAwMDAwMH19",
          "dependencies": [
            "module.aks.azurerm_user_assigned_identity.aks",
            "module.aks_network.azurerm_resource_group.this",
            "module.aks_network.azurerm_subnet.this",
            "module.aks_network.azurerm_virtual_network.this"
          ]
        }
      ]
    },
    {
      "module": "module.aks",
      "mode": "managed",
      "type": "azurerm_user_assigned_identity",
      "name": "aks",
      "provider": "provider[\"registry.terraform.io/hashicorp/azurerm\"]",
      "instances": [
        {
          "schema_version": 1,
          "attributes": {
            "client_id": "7edcdf90-0f16-47a8-904a-544c9f2c5888",
            "id": "/subscriptions/3a2b3e52-7ab7-4b46-af65-cddfb1489b0a/resourceGroups/flight-reservation-application-aks-dev-rg/providers/Microsoft.ManagedIdentity/userAssignedIdentities/flight-reservation-application-dev-aks-identity",
            "isolation_scope": "",
            "location": "australiasoutheast",
            "name": "flight-reservation-application-dev-aks-identity",
            "principal_id": "5aa5d9df-1f47-437d-a7d7-9a6538c20d55",
            "resource_group_name": "flight-reservation-application-aks-dev-rg",
            "tags": {},
            "tenant_id": "5bb600c5-4f1f-4325-9247-a9cf51359389",
            "timeouts": null
          },
          "sensitive_attributes": [],
          "identity_schema_version": 0,
          "private": "eyJlMmJmYjczMC1lY2FhLTExZTYtOGY4OC0zNDM2M2JjN2M0YzAiOnsiY3JlYXRlIjoxODAwMDAwMDAwMDAwLCJkZWxldGUiOjE4MDAwMDAwMDAwMDAsInJlYWQiOjMwMDAwMDAwMDAwMCwidXBkYXRlIjoxODAwMDAwMDAwMDAwfSwic2NoZW1hX3ZlcnNpb24iOiIxIn0=",
          "dependencies": [
            "module.aks_network.azurerm_resource_group.this"
          ]
        }
      ]
    },
    {
      "module": "module.aks_network",
      "mode": "managed",
      "type": "azurerm_network_security_group",
      "name": "this",
      "provider": "provider[\"registry.terraform.io/hashicorp/azurerm\"]",
      "instances": [
        {
          "index_key": "aks",
          "schema_version": 0,
          "attributes": {
            "id": "/subscriptions/3a2b3e52-7ab7-4b46-af65-cddfb1489b0a/resourceGroups/flight-reservation-application-aks-dev-rg/providers/Microsoft.Network/networkSecurityGroups/snet-aks-nsg",
            "location": "australiasoutheast",
            "name": "snet-aks-nsg",
            "resource_group_name": "flight-reservation-application-aks-dev-rg",
            "security_rule": [
              {
                "access": "Allow",
                "description": "",
                "destination_address_prefix": "*",
                "destination_address_prefixes": [],
                "destination_application_security_group_ids": [],
                "destination_port_range": "22",
                "destination_port_ranges": [],
                "direction": "Inbound",
                "name": "AllowSSH",
                "priority": 100,
                "protocol": "Tcp",
                "source_address_prefix": "*",
                "source_address_prefixes": [],
                "source_application_security_group_ids": [],
                "source_port_range": "*",
                "source_port_ranges": []
              }
            ],
            "tags": {},
            "timeouts": null
          },
          "sensitive_attributes": [],
          "identity_schema_version": 0,
          "identity": {
            "name": "snet-aks-nsg",
            "resource_group_name": "flight-reservation-application-aks-dev-rg",
            "subscription_id": "3a2b3e52-7ab7-4b46-af65-cddfb1489b0a"
          },
          "private": "eyJlMmJmYjczMC1lY2FhLTExZTYtOGY4OC0zNDM2M2JjN2M0YzAiOnsiY3JlYXRlIjoxODAwMDAwMDAwMDAwLCJkZWxldGUiOjE4MDAwMDAwMDAwMDAsInJlYWQiOjMwMDAwMDAwMDAwMCwidXBkYXRlIjoxODAwMDAwMDAwMDAwfX0=",
          "dependencies": [
            "module.aks_network.azurerm_resource_group.this"
          ]
        }
      ]
    },
    {
      "module": "module.aks_network",
      "mode": "managed",
      "type": "azurerm_resource_group",
      "name": "this",
      "provider": "provider[\"registry.terraform.io/hashicorp/azurerm\"]",
      "instances": [
        {
          "schema_version": 0,
          "attributes": {
            "id": "/subscriptions/3a2b3e52-7ab7-4b46-af65-cddfb1489b0a/resourceGroups/flight-reservation-application-aks-dev-rg",
            "location": "australiasoutheast",
            "managed_by": "",
            "name": "flight-reservation-application-aks-dev-rg",
            "tags": {},
            "timeouts": null
          },
          "sensitive_attributes": [],
          "identity_schema_version": 0,
          "identity": {
            "name": "flight-reservation-application-aks-dev-rg",
            "subscription_id": "3a2b3e52-7ab7-4b46-af65-cddfb1489b0a"
          },
          "private": "eyJlMmJmYjczMC1lY2FhLTExZTYtOGY4OC0zNDM2M2JjN2M0YzAiOnsiY3JlYXRlIjo1NDAwMDAwMDAwMDAwLCJkZWxldGUiOjU0MDAwMDAwMDAwMDAsInJlYWQiOjMwMDAwMDAwMDAwMCwidXBkYXRlIjo1NDAwMDAwMDAwMDAwfX0="
        }
      ]
    },
    {
      "module": "module.aks_network",
      "mode": "managed",
      "type": "azurerm_subnet",
      "name": "this",
      "provider": "provider[\"registry.terraform.io/hashicorp/azurerm\"]",
      "instances": [
        {
          "index_key": "aks",
          "schema_version": 0,
          "attributes": {
            "address_prefixes": [
              "10.20.1.0/24"
            ],
            "default_outbound_access_enabled": true,
            "delegation": [],
            "id": "/subscriptions/3a2b3e52-7ab7-4b46-af65-cddfb1489b0a/resourceGroups/flight-reservation-application-aks-dev-rg/providers/Microsoft.Network/virtualNetworks/flight-reservation-application-aks-dev-vnet/subnets/snet-aks",
            "ip_address_pool": [],
            "name": "snet-aks",
            "private_endpoint_network_policies": "Disabled",
            "private_link_service_network_policies_enabled": true,
            "resource_group_name": "flight-reservation-application-aks-dev-rg",
            "service_endpoint_policy_ids": [],
            "service_endpoints": [],
            "sharing_scope": "",
            "timeouts": null,
            "virtual_network_name": "flight-reservation-application-aks-dev-vnet"
          },
          "sensitive_attributes": [],
          "identity_schema_version": 0,
          "identity": {
            "name": "snet-aks",
            "resource_group_name": "flight-reservation-application-aks-dev-rg",
            "subscription_id": "3a2b3e52-7ab7-4b46-af65-cddfb1489b0a",
            "virtual_network_name": "flight-reservation-application-aks-dev-vnet"
          },
          "private": "eyJlMmJmYjczMC1lY2FhLTExZTYtOGY4OC0zNDM2M2JjN2M0YzAiOnsiY3JlYXRlIjoxODAwMDAwMDAwMDAwLCJkZWxldGUiOjE4MDAwMDAwMDAwMDAsInJlYWQiOjMwMDAwMDAwMDAwMCwidXBkYXRlIjoxODAwMDAwMDAwMDAwfX0=",
          "dependencies": [
            "module.aks_network.azurerm_resource_group.this",
            "module.aks_network.azurerm_virtual_network.this"
          ]
        }
      ]
    },
    {
      "module": "module.aks_network",
      "mode": "managed",
      "type": "azurerm_subnet_network_security_group_association",
      "name": "this",
      "provider": "provider[\"registry.terraform.io/hashicorp/azurerm\"]",
      "instances": [
        {
          "index_key": "aks",
          "schema_version": 0,
          "attributes": {
            "id": "/subscriptions/3a2b3e52-7ab7-4b46-af65-cddfb1489b0a/resourceGroups/flight-reservation-application-aks-dev-rg/providers/Microsoft.Network/virtualNetworks/flight-reservation-application-aks-dev-vnet/subnets/snet-aks",
            "network_security_group_id": "/subscriptions/3a2b3e52-7ab7-4b46-af65-cddfb1489b0a/resourceGroups/flight-reservation-application-aks-dev-rg/providers/Microsoft.Network/networkSecurityGroups/snet-aks-nsg",
            "subnet_id": "/subscriptions/3a2b3e52-7ab7-4b46-af65-cddfb1489b0a/resourceGroups/flight-reservation-application-aks-dev-rg/providers/Microsoft.Network/virtualNetworks/flight-reservation-application-aks-dev-vnet/subnets/snet-aks",
            "timeouts": null
          },
          "sensitive_attributes": [],
          "identity_schema_version": 0,
          "private": "eyJlMmJmYjczMC1lY2FhLTExZTYtOGY4OC0zNDM2M2JjN2M0YzAiOnsiY3JlYXRlIjoxODAwMDAwMDAwMDAwLCJkZWxldGUiOjE4MDAwMDAwMDAwMDAsInJlYWQiOjMwMDAwMDAwMDAwMH19",
          "dependencies": [
            "module.aks_network.azurerm_network_security_group.this",
            "module.aks_network.azurerm_resource_group.this",
            "module.aks_network.azurerm_subnet.this",
            "module.aks_network.azurerm_virtual_network.this"
          ]
        }
      ]
    },
    {
      "module": "module.aks_network",
      "mode": "managed",
      "type": "azurerm_virtual_network",
      "name": "this",
      "provider": "provider[\"registry.terraform.io/hashicorp/azurerm\"]",
      "instances": [
        {
          "schema_version": 0,
          "attributes": {
            "address_space": [
              "10.20.0.0/16"
            ],
            "bgp_community": "",
            "ddos_protection_plan": [],
            "dns_servers": [],
            "edge_zone": "",
            "encryption": [],
            "flow_timeout_in_minutes": 0,
            "guid": "ee073ec5-c2dc-4aef-807a-24972cff92dd",
            "id": "/subscriptions/3a2b3e52-7ab7-4b46-af65-cddfb1489b0a/resourceGroups/flight-reservation-application-aks-dev-rg/providers/Microsoft.Network/virtualNetworks/flight-reservation-application-aks-dev-vnet",
            "ip_address_pool": [],
            "location": "australiasoutheast",
            "name": "flight-reservation-application-aks-dev-vnet",
            "private_endpoint_vnet_policies": "Disabled",
            "resource_group_name": "flight-reservation-application-aks-dev-rg",
            "subnet": [
              {
                "address_prefixes": [
                  "10.20.1.0/24"
                ],
                "default_outbound_access_enabled": true,
                "delegation": [],
                "id": "/subscriptions/3a2b3e52-7ab7-4b46-af65-cddfb1489b0a/resourceGroups/flight-reservation-application-aks-dev-rg/providers/Microsoft.Network/virtualNetworks/flight-reservation-application-aks-dev-vnet/subnets/snet-aks",
                "name": "snet-aks",
                "private_endpoint_network_policies": "Disabled",
                "private_link_service_network_policies_enabled": true,
                "route_table_id": "",
                "security_group": "/subscriptions/3a2b3e52-7ab7-4b46-af65-cddfb1489b0a/resourceGroups/flight-reservation-application-aks-dev-rg/providers/Microsoft.Network/networkSecurityGroups/snet-aks-nsg",
                "service_endpoint_policy_ids": [],
                "service_endpoints": []
              }
            ],
            "tags": {},
            "timeouts": null
          },
          "sensitive_attributes": [],
          "identity_schema_version": 0,
          "identity": {
            "name": "flight-reservation-application-aks-dev-vnet",
            "resource_group_name": "flight-reservation-application-aks-dev-rg",
            "subscription_id": "3a2b3e52-7ab7-4b46-af65-cddfb1489b0a"
          },
          "private": "eyJlMmJmYjczMC1lY2FhLTExZTYtOGY4OC0zNDM2M2JjN2M0YzAiOnsiY3JlYXRlIjoxODAwMDAwMDAwMDAwLCJkZWxldGUiOjE4MDAwMDAwMDAwMDAsInJlYWQiOjMwMDAwMDAwMDAwMCwidXBkYXRlIjoxODAwMDAwMDAwMDAwfX0=",
          "dependencies": [
            "module.aks_network.azurerm_resource_group.this"
          ]
        }
      ]
    },
    {
      "module": "module.budgets",
      "mode": "managed",
      "type": "azurerm_consumption_budget_subscription",
      "name": "this",
      "provider": "provider[\"registry.terraform.io/hashicorp/azurerm\"]",
      "instances": [
        {
          "schema_version": 2,
          "attributes": {
            "amount": 20,
            "etag": "\"1dd3f1c3a89c949\"",
            "filter": [],
            "id": "/subscriptions/3a2b3e52-7ab7-4b46-af65-cddfb1489b0a/providers/Microsoft.Consumption/budgets/flight-reservation-application-dev-budget",
            "name": "flight-reservation-application-dev-budget",
            "notification": [
              {
                "contact_emails": [
                  "anuragpatil1703@gmail.com"
                ],
                "contact_groups": [],
                "contact_roles": [],
                "enabled": true,
                "operator": "GreaterThan",
                "threshold": 100,
                "threshold_type": "Actual"
              },
              {
                "contact_emails": [
                  "anuragpatil1703@gmail.com"
                ],
                "contact_groups": [],
                "contact_roles": [],
                "enabled": true,
                "operator": "GreaterThan",
                "threshold": 80,
                "threshold_type": "Actual"
              }
            ],
            "subscription_id": "/subscriptions/3a2b3e52-7ab7-4b46-af65-cddfb1489b0a",
            "time_grain": "Monthly",
            "time_period": [
              {
                "end_date": "2027-09-01T00:00:00Z",
                "start_date": "2026-09-01T00:00:00Z"
              }
            ],
            "timeouts": null
          },
          "sensitive_attributes": [],
          "identity_schema_version": 0,
          "private": "eyJlMmJmYjczMC1lY2FhLTExZTYtOGY4OC0zNDM2M2JjN2M0YzAiOnsiY3JlYXRlIjoxODAwMDAwMDAwMDAwLCJkZWxldGUiOjE4MDAwMDAwMDAwMDAsInJlYWQiOjMwMDAwMDAwMDAwMCwidXBkYXRlIjoxODAwMDAwMDAwMDAwfSwic2NoZW1hX3ZlcnNpb24iOiIyIn0="
        }
      ]
    },
    {
      "module": "module.sns",
      "mode": "managed",
      "type": "azurerm_monitor_action_group",
      "name": "this",
      "provider": "provider[\"registry.terraform.io/hashicorp/azurerm\"]",
      "instances": [
        {
          "schema_version": 1,
          "attributes": {
            "arm_role_receiver": [],
            "automation_runbook_receiver": [],
            "azure_app_push_receiver": [],
            "azure_function_receiver": [],
            "email_receiver": [
              {
                "email_address": "anuragpatil1703@gmail.com",
                "name": "admin",
                "use_common_alert_schema": true
              }
            ],
            "enabled": true,
            "event_hub_receiver": [],
            "id": "/subscriptions/3a2b3e52-7ab7-4b46-af65-cddfb1489b0a/resourceGroups/flight-reservation-application-vm-dev-rg/providers/Microsoft.Insights/actionGroups/flight-reservation-application-dev-alerts",
            "itsm_receiver": [],
            "location": "global",
            "logic_app_receiver": [],
            "name": "flight-reservation-application-dev-alerts",
            "resource_group_name": "flight-reservation-application-vm-dev-rg",
            "short_name": "flightalerts",
            "sms_receiver": [],
            "tags": {},
            "timeouts": null,
            "voice_receiver": [],
            "webhook_receiver": []
          },
          "sensitive_attributes": [],
          "identity_schema_version": 0,
          "identity": {
            "name": "flight-reservation-application-dev-alerts",
            "resource_group_name": "flight-reservation-application-vm-dev-rg",
            "subscription_id": "3a2b3e52-7ab7-4b46-af65-cddfb1489b0a"
          },
          "private": "eyJlMmJmYjczMC1lY2FhLTExZTYtOGY4OC0zNDM2M2JjN2M0YzAiOnsiY3JlYXRlIjoxODAwMDAwMDAwMDAwLCJkZWxldGUiOjE4MDAwMDAwMDAwMDAsInJlYWQiOjMwMDAwMDAwMDAwMCwidXBkYXRlIjoxODAwMDAwMDAwMDAwfSwic2NoZW1hX3ZlcnNpb24iOiIxIn0=",
          "dependencies": [
            "module.vm_network.azurerm_resource_group.this"
          ]
        }
      ]
    },
    {
      "module": "module.storage",
      "mode": "managed",
      "type": "azurerm_storage_account",
      "name": "this",
      "provider": "provider[\"registry.terraform.io/hashicorp/azurerm\"]",
      "instances": [
        {
          "schema_version": 4,
          "attributes": {
            "access_tier": "Hot",
            "account_kind": "StorageV2",
            "account_replication_type": "LRS",
            "account_tier": "Standard",
            "allow_nested_items_to_be_public": true,
            "allowed_copy_scope": "",
            "azure_files_authentication": [],
            "blob_properties": [
              {
                "change_feed_enabled": false,
                "change_feed_retention_in_days": 0,
                "container_delete_retention_policy": [],
                "cors_rule": [],
                "default_service_version": "",
                "delete_retention_policy": [],
                "last_access_time_enabled": false,
                "restore_policy": [],
                "versioning_enabled": true
              }
            ],
            "cross_tenant_replication_enabled": false,
            "custom_domain": [],
            "customer_managed_key": [],
            "default_to_oauth_authentication": false,
            "dns_endpoint_type": "Standard",
            "edge_zone": "",
            "https_traffic_only_enabled": true,
            "id": "/subscriptions/3a2b3e52-7ab7-4b46-af65-cddfb1489b0a/resourceGroups/flight-reservation-application-aks-dev-rg/providers/Microsoft.Storage/storageAccounts/flightreservationapplica",
            "identity": [],
            "immutability_policy": [],
            "infrastructure_encryption_enabled": false,
            "is_hns_enabled": false,
            "large_file_share_enabled": false,
            "local_user_enabled": true,
            "location": "australiasoutheast",
            "min_tls_version": "TLS1_2",
            "name": "flightreservationapplica",
            "network_rules": [],
            "nfsv3_enabled": false,
            "primary_access_key": "1SPOJgfWdmTUTLN5WkLXMAW7p/Aent23JRv9BL9HsZq8AMgFIEg2Rxi5+uZZEOblVQtVK8DvVKCG+ASt7T6Qpw==",
            "primary_blob_connection_string": "DefaultEndpointsProtocol=https;BlobEndpoint=https://flightreservationapplica.blob.core.windows.net/;AccountName=flightreservationapplica;AccountKey=1SPOJgfWdmTUTLN5WkLXMAW7p/Aent23JRv9BL9HsZq8AMgFIEg2Rxi5+uZZEOblVQtVK8DvVKCG+ASt7T6Qpw==",
            "primary_blob_endpoint": "https://flightreservationapplica.blob.core.windows.net/",
            "primary_blob_host": "flightreservationapplica.blob.core.windows.net",
            "primary_blob_internet_endpoint": "",
            "primary_blob_internet_host": "",
            "primary_blob_microsoft_endpoint": "",
            "primary_blob_microsoft_host": "",
            "primary_connection_string": "DefaultEndpointsProtocol=https;AccountName=flightreservationapplica;AccountKey=1SPOJgfWdmTUTLN5WkLXMAW7p/Aent23JRv9BL9HsZq8AMgFIEg2Rxi5+uZZEOblVQtVK8DvVKCG+ASt7T6Qpw==;EndpointSuffix=core.windows.net",
            "primary_dfs_endpoint": "https://flightreservationapplica.dfs.core.windows.net/",
            "primary_dfs_host": "flightreservationapplica.dfs.core.windows.net",
            "primary_dfs_internet_endpoint": "",
            "primary_dfs_internet_host": "",
            "primary_dfs_microsoft_endpoint": "",
            "primary_dfs_microsoft_host": "",
            "primary_file_endpoint": "https://flightreservationapplica.file.core.windows.net/",
            "primary_file_host": "flightreservationapplica.file.core.windows.net",
            "primary_file_internet_endpoint": "",
            "primary_file_internet_host": "",
            "primary_file_microsoft_endpoint": "",
            "primary_file_microsoft_host": "",
            "primary_location": "australiasoutheast",
            "primary_queue_endpoint": "https://flightreservationapplica.queue.core.windows.net/",
            "primary_queue_host": "flightreservationapplica.queue.core.windows.net",
            "primary_queue_microsoft_endpoint": "",
            "primary_queue_microsoft_host": "",
            "primary_table_endpoint": "https://flightreservationapplica.table.core.windows.net/",
            "primary_table_host": "flightreservationapplica.table.core.windows.net",
            "primary_table_microsoft_endpoint": "",
            "primary_table_microsoft_host": "",
            "primary_web_endpoint": "https://flightreservationapplica.z26.web.core.windows.net/",
            "primary_web_host": "flightreservationapplica.z26.web.core.windows.net",
            "primary_web_internet_endpoint": "",
            "primary_web_internet_host": "",
            "primary_web_microsoft_endpoint": "",
            "primary_web_microsoft_host": "",
            "provisioned_billing_model_version": "",
            "public_network_access_enabled": true,
            "queue_encryption_key_type": "Service",
            "queue_properties": [
              {
                "cors_rule": [],
                "hour_metrics": [
                  {
                    "enabled": false,
                    "include_apis": false,
                    "retention_policy_days": 0,
                    "version": "1.0"
                  }
                ],
                "logging": [
                  {
                    "delete": false,
                    "read": false,
                    "retention_policy_days": 0,
                    "version": "1.0",
                    "write": false
                  }
                ],
                "minute_metrics": [
                  {
                    "enabled": false,
                    "include_apis": false,
                    "retention_policy_days": 0,
                    "version": "1.0"
                  }
                ]
              }
            ],
            "resource_group_name": "flight-reservation-application-aks-dev-rg",
            "routing": [],
            "sas_policy": [],
            "secondary_access_key": "6Az9bC+gX+guPK5fpleFO2t0aLBm3az+sHIfBFLeeX7gK6393HNPqGayH5fWE+P/iY2Tp1Au06bs+AStJZkMAw==",
            "secondary_blob_connection_string": "",
            "secondary_blob_endpoint": "",
            "secondary_blob_host": "",
            "secondary_blob_internet_endpoint": "",
            "secondary_blob_internet_host": "",
            "secondary_blob_microsoft_endpoint": "",
            "secondary_blob_microsoft_host": "",
            "secondary_connection_string": "DefaultEndpointsProtocol=https;AccountName=flightreservationapplica;AccountKey=6Az9bC+gX+guPK5fpleFO2t0aLBm3az+sHIfBFLeeX7gK6393HNPqGayH5fWE+P/iY2Tp1Au06bs+AStJZkMAw==;EndpointSuffix=core.windows.net",
            "secondary_dfs_endpoint": "",
            "secondary_dfs_host": "",
            "secondary_dfs_internet_endpoint": "",
            "secondary_dfs_internet_host": "",
            "secondary_dfs_microsoft_endpoint": "",
            "secondary_dfs_microsoft_host": "",
            "secondary_file_endpoint": "",
            "secondary_file_host": "",
            "secondary_file_internet_endpoint": "",
            "secondary_file_internet_host": "",
            "secondary_file_microsoft_endpoint": "",
            "secondary_file_microsoft_host": "",
            "secondary_location": "",
            "secondary_queue_endpoint": "",
            "secondary_queue_host": "",
            "secondary_queue_microsoft_endpoint": "",
            "secondary_queue_microsoft_host": "",
            "secondary_table_endpoint": "",
            "secondary_table_host": "",
            "secondary_table_microsoft_endpoint": "",
            "secondary_table_microsoft_host": "",
            "secondary_web_endpoint": "",
            "secondary_web_host": "",
            "secondary_web_internet_endpoint": "",
            "secondary_web_internet_host": "",
            "secondary_web_microsoft_endpoint": "",
            "secondary_web_microsoft_host": "",
            "sftp_enabled": false,
            "share_properties": [
              {
                "cors_rule": [],
                "retention_policy": [
                  {
                    "days": 7
                  }
                ],
                "smb": []
              }
            ],
            "shared_access_key_enabled": true,
            "static_website": [],
            "table_encryption_key_type": "Service",
            "tags": {
              "environment": "dev",
              "project": "flight-reservation-application"
            },
            "timeouts": null
          },
          "sensitive_attributes": [
            [
              {
                "type": "get_attr",
                "value": "primary_access_key"
              }
            ],
            [
              {
                "type": "get_attr",
                "value": "primary_blob_connection_string"
              }
            ],
            [
              {
                "type": "get_attr",
                "value": "primary_connection_string"
              }
            ],
            [
              {
                "type": "get_attr",
                "value": "secondary_access_key"
              }
            ],
            [
              {
                "type": "get_attr",
                "value": "secondary_blob_connection_string"
              }
            ],
            [
              {
                "type": "get_attr",
                "value": "secondary_connection_string"
              }
            ]
          ],
          "identity_schema_version": 0,
          "identity": {
            "name": "flightreservationapplica",
            "resource_group_name": "flight-reservation-application-aks-dev-rg",
            "subscription_id": "3a2b3e52-7ab7-4b46-af65-cddfb1489b0a"
          },
          "private": "eyJlMmJmYjczMC1lY2FhLTExZTYtOGY4OC0zNDM2M2JjN2M0YzAiOnsiY3JlYXRlIjozNjAwMDAwMDAwMDAwLCJkZWxldGUiOjM2MDAwMDAwMDAwMDAsInJlYWQiOjMwMDAwMDAwMDAwMCwidXBkYXRlIjozNjAwMDAwMDAwMDAwfSwic2NoZW1hX3ZlcnNpb24iOiI0In0=",
          "dependencies": [
            "module.aks_network.azurerm_resource_group.this",
            "module.storage.random_string.suffix"
          ]
        }
      ]
    },
    {
      "module": "module.storage",
      "mode": "managed",
      "type": "azurerm_storage_container",
      "name": "this",
      "provider": "provider[\"registry.terraform.io/hashicorp/azurerm\"]",
      "instances": [
        {
          "schema_version": 1,
          "attributes": {
            "container_access_type": "private",
            "default_encryption_scope": "$account-encryption-key",
            "encryption_scope_override_enabled": true,
            "has_immutability_policy": false,
            "has_legal_hold": false,
            "id": "/subscriptions/3a2b3e52-7ab7-4b46-af65-cddfb1489b0a/resourceGroups/flight-reservation-application-aks-dev-rg/providers/Microsoft.Storage/storageAccounts/flightreservationapplica/blobServices/default/containers/application",
            "metadata": {},
            "name": "application",
            "resource_manager_id": "/subscriptions/3a2b3e52-7ab7-4b46-af65-cddfb1489b0a/resourceGroups/flight-reservation-application-aks-dev-rg/providers/Microsoft.Storage/storageAccounts/flightreservationapplica/blobServices/default/containers/application",
            "storage_account_id": "/subscriptions/3a2b3e52-7ab7-4b46-af65-cddfb1489b0a/resourceGroups/flight-reservation-application-aks-dev-rg/providers/Microsoft.Storage/storageAccounts/flightreservationapplica",
            "storage_account_name": "",
            "timeouts": null,
            "url": "https://flightreservationapplica.blob.core.windows.net/application"
          },
          "sensitive_attributes": [],
          "identity_schema_version": 0,
          "private": "eyJlMmJmYjczMC1lY2FhLTExZTYtOGY4OC0zNDM2M2JjN2M0YzAiOnsiY3JlYXRlIjoxODAwMDAwMDAwMDAwLCJkZWxldGUiOjE4MDAwMDAwMDAwMDAsInJlYWQiOjMwMDAwMDAwMDAwMCwidXBkYXRlIjoxODAwMDAwMDAwMDAwfSwic2NoZW1hX3ZlcnNpb24iOiIxIn0=",
          "dependencies": [
            "module.aks_network.azurerm_resource_group.this",
            "module.storage.azurerm_storage_account.this",
            "module.storage.random_string.suffix"
          ]
        }
      ]
    },
    {
      "module": "module.storage",
      "mode": "managed",
      "type": "random_string",
      "name": "suffix",
      "provider": "provider[\"registry.terraform.io/hashicorp/random\"]",
      "instances": [
        {
          "schema_version": 2,
          "attributes": {
            "id": "7jn1mipb",
            "keepers": null,
            "length": 8,
            "lower": true,
            "min_lower": 0,
            "min_numeric": 0,
            "min_special": 0,
            "min_upper": 0,
            "number": true,
            "numeric": true,
            "override_special": null,
            "result": "7jn1mipb",
            "special": false,
            "upper": false
          },
          "sensitive_attributes": [],
          "identity_schema_version": 0
        }
      ]
    },
    {
      "module": "module.vm",
      "mode": "managed",
      "type": "azurerm_linux_virtual_machine",
      "name": "this",
      "provider": "provider[\"registry.terraform.io/hashicorp/azurerm\"]",
      "instances": [
        {
          "index_key": "ci",
          "schema_version": 0,
          "attributes": {
            "additional_capabilities": [],
            "admin_password": null,
            "admin_ssh_key": [
              {
                "public_key": "ssh-rsa AAAAB3NzaC1yc2EAAAADAQABAAACAQDsjorovoUv073q8kMgFoLQYLbxQqTCAoKMOm/ae2jHzpKtFINsd4GPL5QBAGNR3wX+2K1iXR9TRAjkW5V0Y1P1MII2AXkFIRnpKLmCNthQXgHB932kpC53XmMqIdi736umgP/0uavQmZL4vs+pS870gjkWDXQHZYrj9CRzmzVE3dR3c9A2rovhkT9vH3/xd/5Gy+Rlirh2VwelPCs2I7EKG8MmpqD8j0l0q9UvoDJQAj4KSWXiHewr03D4eFNVaX5cCQJgX/XXhY0VmsWLKJ5osYyyTLq3jNWRrGb2nmL8IV+j5T8fsrh3Stm6b1zOsfg5SoawVOAj2KtWOwlMpeyUVB05Rr9vLmBCb7iYbK7QaT1LW7ZHVWeI3tt2HxhjvoLV7LAmfOuyAKxU03D1II/WQfN4qchKpteOeJ5yi23OIUnVv09/7B/JICfd23BINPptOI/qpcftyjc7WXihPwIqgwoKdJ+hP/pMahYX1gMcc0Vp2Hh+sTFCidk1KdkUM+8k3rcpz74tPgoR7hkODX1q2Lr9J9tNWb0kbrqJK56Y0PDCQSbEpmLKGziPjT31+DSX0BPEIhMcFbLmuODfu0zdqxrwwjycagfeHHZ+Ej9rK1O5YNGLxBFLvpxQgeO+oxS4a21bOiwGbgYOoWra0ZKmm1/0Rt1qHh20oSoqBNztYw== flight-reservation-application\n",
                "username": "azureadmin"
              }
            ],
            "admin_username": "azureadmin",
            "allow_extension_operations": true,
            "availability_set_id": "",
            "boot_diagnostics": [],
            "bypass_platform_safety_checks_on_user_schedule_enabled": false,
            "capacity_reservation_group_id": "",
            "computer_name": "flight-reservation-application-ci-vm",
            "custom_data": null,
            "dedicated_host_group_id": "",
            "dedicated_host_id": "",
            "disable_password_authentication": true,
            "disk_controller_type": "NVMe",
            "edge_zone": "",
            "encryption_at_host_enabled": false,
            "eviction_policy": "",
            "extensions_time_budget": "PT1H30M",
            "gallery_application": [],
            "id": "/subscriptions/3a2b3e52-7ab7-4b46-af65-cddfb1489b0a/resourceGroups/flight-reservation-application-vm-dev-rg/providers/Microsoft.Compute/virtualMachines/flight-reservation-application-ci-vm",
            "identity": [],
            "license_type": "",
            "location": "canadaeast",
            "max_bid_price": -1,
            "name": "flight-reservation-application-ci-vm",
            "network_interface_ids": [
              "/subscriptions/3a2b3e52-7ab7-4b46-af65-cddfb1489b0a/resourceGroups/flight-reservation-application-vm-dev-rg/providers/Microsoft.Network/networkInterfaces/flight-reservation-application-ci-nic"
            ],
            "os_disk": [
              {
                "caching": "ReadWrite",
                "diff_disk_settings": [],
                "disk_encryption_set_id": "",
                "disk_size_gb": 30,
                "id": "/subscriptions/3a2b3e52-7ab7-4b46-af65-cddfb1489b0a/resourceGroups/flight-reservation-application-vm-dev-rg/providers/Microsoft.Compute/disks/flight-reservation-application-ci-vm_OsDisk_1_09d0635982084cb996d638bc65e60613",
                "name": "flight-reservation-application-ci-vm_OsDisk_1_09d0635982084cb996d638bc65e60613",
                "secure_vm_disk_encryption_set_id": "",
                "security_encryption_type": "",
                "storage_account_type": "StandardSSD_LRS",
                "write_accelerator_enabled": false
              }
            ],
            "os_image_notification": [],
            "os_managed_disk_id": "/subscriptions/3a2b3e52-7ab7-4b46-af65-cddfb1489b0a/resourceGroups/flight-reservation-application-vm-dev-rg/providers/Microsoft.Compute/disks/flight-reservation-application-ci-vm_OsDisk_1_09d0635982084cb996d638bc65e60613",
            "patch_assessment_mode": "ImageDefault",
            "patch_mode": "ImageDefault",
            "plan": [],
            "platform_fault_domain": -1,
            "priority": "Regular",
            "private_ip_address": "10.10.1.4",
            "private_ip_addresses": [
              "10.10.1.4"
            ],
            "provision_vm_agent": true,
            "proximity_placement_group_id": "",
            "public_ip_address": "20.104.161.70",
            "public_ip_addresses": [
              "20.104.161.70"
            ],
            "reboot_setting": "",
            "resource_group_name": "flight-reservation-application-vm-dev-rg",
            "secret": [],
            "secure_boot_enabled": false,
            "size": "Standard_D2ds_v6",
            "source_image_id": "",
            "source_image_reference": [
              {
                "offer": "ubuntu-24_04-lts",
                "publisher": "Canonical",
                "sku": "server",
                "version": "latest"
              }
            ],
            "tags": {},
            "termination_notification": [],
            "timeouts": null,
            "user_data": "",
            "virtual_machine_id": "e40b53f8-fe66-4221-aa83-90c68265cea1",
            "virtual_machine_scale_set_id": "",
            "vm_agent_platform_updates_enabled": true,
            "vtpm_enabled": false,
            "zone": ""
          },
          "sensitive_attributes": [
            [
              {
                "type": "get_attr",
                "value": "admin_password"
              }
            ],
            [
              {
                "type": "get_attr",
                "value": "custom_data"
              }
            ]
          ],
          "identity_schema_version": 0,
          "private": "eyJlMmJmYjczMC1lY2FhLTExZTYtOGY4OC0zNDM2M2JjN2M0YzAiOnsiY3JlYXRlIjoyNzAwMDAwMDAwMDAwLCJkZWxldGUiOjI3MDAwMDAwMDAwMDAsInJlYWQiOjMwMDAwMDAwMDAwMCwidXBkYXRlIjoyNzAwMDAwMDAwMDAwfX0=",
          "dependencies": [
            "module.vm.azurerm_network_interface.this",
            "module.vm.azurerm_public_ip.this",
            "module.vm_network.azurerm_resource_group.this",
            "module.vm_network.azurerm_subnet.this",
            "module.vm_network.azurerm_virtual_network.this"
          ]
        },
        {
          "index_key": "monitoring",
          "schema_version": 0,
          "attributes": {
            "additional_capabilities": [],
            "admin_password": null,
            "admin_ssh_key": [
              {
                "public_key": "ssh-rsa AAAAB3NzaC1yc2EAAAADAQABAAACAQDsjorovoUv073q8kMgFoLQYLbxQqTCAoKMOm/ae2jHzpKtFINsd4GPL5QBAGNR3wX+2K1iXR9TRAjkW5V0Y1P1MII2AXkFIRnpKLmCNthQXgHB932kpC53XmMqIdi736umgP/0uavQmZL4vs+pS870gjkWDXQHZYrj9CRzmzVE3dR3c9A2rovhkT9vH3/xd/5Gy+Rlirh2VwelPCs2I7EKG8MmpqD8j0l0q9UvoDJQAj4KSWXiHewr03D4eFNVaX5cCQJgX/XXhY0VmsWLKJ5osYyyTLq3jNWRrGb2nmL8IV+j5T8fsrh3Stm6b1zOsfg5SoawVOAj2KtWOwlMpeyUVB05Rr9vLmBCb7iYbK7QaT1LW7ZHVWeI3tt2HxhjvoLV7LAmfOuyAKxU03D1II/WQfN4qchKpteOeJ5yi23OIUnVv09/7B/JICfd23BINPptOI/qpcftyjc7WXihPwIqgwoKdJ+hP/pMahYX1gMcc0Vp2Hh+sTFCidk1KdkUM+8k3rcpz74tPgoR7hkODX1q2Lr9J9tNWb0kbrqJK56Y0PDCQSbEpmLKGziPjT31+DSX0BPEIhMcFbLmuODfu0zdqxrwwjycagfeHHZ+Ej9rK1O5YNGLxBFLvpxQgeO+oxS4a21bOiwGbgYOoWra0ZKmm1/0Rt1qHh20oSoqBNztYw== flight-reservation-application\n",
                "username": "azureadmin"
              }
            ],
            "admin_username": "azureadmin",
            "allow_extension_operations": true,
            "availability_set_id": "",
            "boot_diagnostics": [],
            "bypass_platform_safety_checks_on_user_schedule_enabled": false,
            "capacity_reservation_group_id": "",
            "computer_name": "flight-reservation-application-monitoring-vm",
            "custom_data": null,
            "dedicated_host_group_id": "",
            "dedicated_host_id": "",
            "disable_password_authentication": true,
            "disk_controller_type": "NVMe",
            "edge_zone": "",
            "encryption_at_host_enabled": false,
            "eviction_policy": "",
            "extensions_time_budget": "PT1H30M",
            "gallery_application": [],
            "id": "/subscriptions/3a2b3e52-7ab7-4b46-af65-cddfb1489b0a/resourceGroups/flight-reservation-application-vm-dev-rg/providers/Microsoft.Compute/virtualMachines/flight-reservation-application-monitoring-vm",
            "identity": [],
            "license_type": "",
            "location": "canadaeast",
            "max_bid_price": -1,
            "name": "flight-reservation-application-monitoring-vm",
            "network_interface_ids": [
              "/subscriptions/3a2b3e52-7ab7-4b46-af65-cddfb1489b0a/resourceGroups/flight-reservation-application-vm-dev-rg/providers/Microsoft.Network/networkInterfaces/flight-reservation-application-monitoring-nic"
            ],
            "os_disk": [
              {
                "caching": "ReadWrite",
                "diff_disk_settings": [],
                "disk_encryption_set_id": "",
                "disk_size_gb": 30,
                "id": "/subscriptions/3a2b3e52-7ab7-4b46-af65-cddfb1489b0a/resourceGroups/flight-reservation-application-vm-dev-rg/providers/Microsoft.Compute/disks/flight-reservation-application-monitoringOS__1_52d2a12d4e134bfd947a56b7c0b85f2b",
                "name": "flight-reservation-application-monitoringOS__1_52d2a12d4e134bfd947a56b7c0b85f2b",
                "secure_vm_disk_encryption_set_id": "",
                "security_encryption_type": "",
                "storage_account_type": "StandardSSD_LRS",
                "write_accelerator_enabled": false
              }
            ],
            "os_image_notification": [],
            "os_managed_disk_id": "/subscriptions/3a2b3e52-7ab7-4b46-af65-cddfb1489b0a/resourceGroups/flight-reservation-application-vm-dev-rg/providers/Microsoft.Compute/disks/flight-reservation-application-monitoringOS__1_52d2a12d4e134bfd947a56b7c0b85f2b",
            "patch_assessment_mode": "ImageDefault",
            "patch_mode": "ImageDefault",
            "plan": [],
            "platform_fault_domain": -1,
            "priority": "Regular",
            "private_ip_address": "10.10.2.4",
            "private_ip_addresses": [
              "10.10.2.4"
            ],
            "provision_vm_agent": true,
            "proximity_placement_group_id": "",
            "public_ip_address": "20.175.84.206",
            "public_ip_addresses": [
              "20.175.84.206"
            ],
            "reboot_setting": "",
            "resource_group_name": "flight-reservation-application-vm-dev-rg",
            "secret": [],
            "secure_boot_enabled": false,
            "size": "Standard_D2ds_v6",
            "source_image_id": "",
            "source_image_reference": [
              {
                "offer": "ubuntu-24_04-lts",
                "publisher": "Canonical",
                "sku": "server",
                "version": "latest"
              }
            ],
            "tags": {},
            "termination_notification": [],
            "timeouts": null,
            "user_data": "",
            "virtual_machine_id": "81ecb54e-c2f5-4f41-a034-8c4c2c4cce09",
            "virtual_machine_scale_set_id": "",
            "vm_agent_platform_updates_enabled": true,
            "vtpm_enabled": false,
            "zone": ""
          },
          "sensitive_attributes": [
            [
              {
                "type": "get_attr",
                "value": "admin_password"
              }
            ],
            [
              {
                "type": "get_attr",
                "value": "custom_data"
              }
            ]
          ],
          "identity_schema_version": 0,
          "private": "eyJlMmJmYjczMC1lY2FhLTExZTYtOGY4OC0zNDM2M2JjN2M0YzAiOnsiY3JlYXRlIjoyNzAwMDAwMDAwMDAwLCJkZWxldGUiOjI3MDAwMDAwMDAwMDAsInJlYWQiOjMwMDAwMDAwMDAwMCwidXBkYXRlIjoyNzAwMDAwMDAwMDAwfX0=",
          "dependencies": [
            "module.vm.azurerm_network_interface.this",
            "module.vm.azurerm_public_ip.this",
            "module.vm_network.azurerm_resource_group.this",
            "module.vm_network.azurerm_subnet.this",
            "module.vm_network.azurerm_virtual_network.this"
          ]
        }
      ]
    },
    {
      "module": "module.vm",
      "mode": "managed",
      "type": "azurerm_network_interface",
      "name": "this",
      "provider": "provider[\"registry.terraform.io/hashicorp/azurerm\"]",
      "instances": [
        {
          "index_key": "ci",
          "schema_version": 0,
          "attributes": {
            "accelerated_networking_enabled": false,
            "applied_dns_servers": [],
            "auxiliary_mode": "",
            "auxiliary_sku": "",
            "dns_servers": [],
            "edge_zone": "",
            "id": "/subscriptions/3a2b3e52-7ab7-4b46-af65-cddfb1489b0a/resourceGroups/flight-reservation-application-vm-dev-rg/providers/Microsoft.Network/networkInterfaces/flight-reservation-application-ci-nic",
            "internal_dns_name_label": "",
            "internal_domain_name_suffix": "blqqlq5rusiezdelzqyclwls0f.vx.internal.cloudapp.net",
            "ip_configuration": [
              {
                "gateway_load_balancer_frontend_ip_configuration_id": "",
                "name": "internal",
                "primary": true,
                "private_ip_address": "10.10.1.4",
                "private_ip_address_allocation": "Dynamic",
                "private_ip_address_version": "IPv4",
                "public_ip_address_id": "/subscriptions/3a2b3e52-7ab7-4b46-af65-cddfb1489b0a/resourceGroups/flight-reservation-application-vm-dev-rg/providers/Microsoft.Network/publicIPAddresses/flight-reservation-application-ci-pip",
                "subnet_id": "/subscriptions/3a2b3e52-7ab7-4b46-af65-cddfb1489b0a/resourceGroups/flight-reservation-application-vm-dev-rg/providers/Microsoft.Network/virtualNetworks/flight-reservation-application-vm-dev-vnet/subnets/snet-ci"
              }
            ],
            "ip_forwarding_enabled": false,
            "location": "canadaeast",
            "mac_address": "7C-ED-8D-06-61-BF",
            "name": "flight-reservation-application-ci-nic",
            "private_ip_address": "10.10.1.4",
            "private_ip_addresses": [
              "10.10.1.4"
            ],
            "resource_group_name": "flight-reservation-application-vm-dev-rg",
            "tags": {},
            "timeouts": null,
            "virtual_machine_id": "/subscriptions/3a2b3e52-7ab7-4b46-af65-cddfb1489b0a/resourceGroups/flight-reservation-application-vm-dev-rg/providers/Microsoft.Compute/virtualMachines/flight-reservation-application-ci-vm"
          },
          "sensitive_attributes": [],
          "identity_schema_version": 0,
          "identity": {
            "name": "flight-reservation-application-ci-nic",
            "resource_group_name": "flight-reservation-application-vm-dev-rg",
            "subscription_id": "3a2b3e52-7ab7-4b46-af65-cddfb1489b0a"
          },
          "private": "eyJlMmJmYjczMC1lY2FhLTExZTYtOGY4OC0zNDM2M2JjN2M0YzAiOnsiY3JlYXRlIjoxODAwMDAwMDAwMDAwLCJkZWxldGUiOjE4MDAwMDAwMDAwMDAsInJlYWQiOjMwMDAwMDAwMDAwMCwidXBkYXRlIjoxODAwMDAwMDAwMDAwfX0=",
          "dependencies": [
            "module.vm.azurerm_public_ip.this",
            "module.vm_network.azurerm_resource_group.this",
            "module.vm_network.azurerm_subnet.this",
            "module.vm_network.azurerm_virtual_network.this"
          ]
        },
        {
          "index_key": "monitoring",
          "schema_version": 0,
          "attributes": {
            "accelerated_networking_enabled": false,
            "applied_dns_servers": [],
            "auxiliary_mode": "",
            "auxiliary_sku": "",
            "dns_servers": [],
            "edge_zone": "",
            "id": "/subscriptions/3a2b3e52-7ab7-4b46-af65-cddfb1489b0a/resourceGroups/flight-reservation-application-vm-dev-rg/providers/Microsoft.Network/networkInterfaces/flight-reservation-application-monitoring-nic",
            "internal_dns_name_label": "",
            "internal_domain_name_suffix": "blqqlq5rusiezdelzqyclwls0f.vx.internal.cloudapp.net",
            "ip_configuration": [
              {
                "gateway_load_balancer_frontend_ip_configuration_id": "",
                "name": "internal",
                "primary": true,
                "private_ip_address": "10.10.2.4",
                "private_ip_address_allocation": "Dynamic",
                "private_ip_address_version": "IPv4",
                "public_ip_address_id": "/subscriptions/3a2b3e52-7ab7-4b46-af65-cddfb1489b0a/resourceGroups/flight-reservation-application-vm-dev-rg/providers/Microsoft.Network/publicIPAddresses/flight-reservation-application-monitoring-pip",
                "subnet_id": "/subscriptions/3a2b3e52-7ab7-4b46-af65-cddfb1489b0a/resourceGroups/flight-reservation-application-vm-dev-rg/providers/Microsoft.Network/virtualNetworks/flight-reservation-application-vm-dev-vnet/subnets/snet-monitoring"
              }
            ],
            "ip_forwarding_enabled": false,
            "location": "canadaeast",
            "mac_address": "7C-1E-52-40-AB-E1",
            "name": "flight-reservation-application-monitoring-nic",
            "private_ip_address": "10.10.2.4",
            "private_ip_addresses": [
              "10.10.2.4"
            ],
            "resource_group_name": "flight-reservation-application-vm-dev-rg",
            "tags": {},
            "timeouts": null,
            "virtual_machine_id": "/subscriptions/3a2b3e52-7ab7-4b46-af65-cddfb1489b0a/resourceGroups/flight-reservation-application-vm-dev-rg/providers/Microsoft.Compute/virtualMachines/flight-reservation-application-monitoring-vm"
          },
          "sensitive_attributes": [],
          "identity_schema_version": 0,
          "identity": {
            "name": "flight-reservation-application-monitoring-nic",
            "resource_group_name": "flight-reservation-application-vm-dev-rg",
            "subscription_id": "3a2b3e52-7ab7-4b46-af65-cddfb1489b0a"
          },
          "private": "eyJlMmJmYjczMC1lY2FhLTExZTYtOGY4OC0zNDM2M2JjN2M0YzAiOnsiY3JlYXRlIjoxODAwMDAwMDAwMDAwLCJkZWxldGUiOjE4MDAwMDAwMDAwMDAsInJlYWQiOjMwMDAwMDAwMDAwMCwidXBkYXRlIjoxODAwMDAwMDAwMDAwfX0=",
          "dependencies": [
            "module.vm.azurerm_public_ip.this",
            "module.vm_network.azurerm_resource_group.this",
            "module.vm_network.azurerm_subnet.this",
            "module.vm_network.azurerm_virtual_network.this"
          ]
        }
      ]
    },
    {
      "module": "module.vm",
      "mode": "managed",
      "type": "azurerm_public_ip",
      "name": "this",
      "provider": "provider[\"registry.terraform.io/hashicorp/azurerm\"]",
      "instances": [
        {
          "index_key": "ci",
          "schema_version": 0,
          "attributes": {
            "allocation_method": "Static",
            "ddos_protection_mode": "VirtualNetworkInherited",
            "ddos_protection_plan_id": null,
            "domain_name_label": "",
            "domain_name_label_scope": "",
            "edge_zone": "",
            "fqdn": "",
            "id": "/subscriptions/3a2b3e52-7ab7-4b46-af65-cddfb1489b0a/resourceGroups/flight-reservation-application-vm-dev-rg/providers/Microsoft.Network/publicIPAddresses/flight-reservation-application-ci-pip",
            "idle_timeout_in_minutes": 4,
            "ip_address": "20.104.161.70",
            "ip_tags": {},
            "ip_version": "IPv4",
            "location": "canadaeast",
            "name": "flight-reservation-application-ci-pip",
            "public_ip_prefix_id": null,
            "resource_group_name": "flight-reservation-application-vm-dev-rg",
            "reverse_fqdn": "",
            "sku": "Standard",
            "sku_tier": "Regional",
            "tags": {},
            "timeouts": null,
            "zones": []
          },
          "sensitive_attributes": [],
          "identity_schema_version": 0,
          "identity": {
            "name": "flight-reservation-application-ci-pip",
            "resource_group_name": "flight-reservation-application-vm-dev-rg",
            "subscription_id": "3a2b3e52-7ab7-4b46-af65-cddfb1489b0a"
          },
          "private": "eyJlMmJmYjczMC1lY2FhLTExZTYtOGY4OC0zNDM2M2JjN2M0YzAiOnsiY3JlYXRlIjoxODAwMDAwMDAwMDAwLCJkZWxldGUiOjE4MDAwMDAwMDAwMDAsInJlYWQiOjMwMDAwMDAwMDAwMCwidXBkYXRlIjoxODAwMDAwMDAwMDAwfX0=",
          "dependencies": [
            "module.vm_network.azurerm_resource_group.this",
            "module.vm_network.azurerm_subnet.this",
            "module.vm_network.azurerm_virtual_network.this"
          ]
        },
        {
          "index_key": "monitoring",
          "schema_version": 0,
          "attributes": {
            "allocation_method": "Static",
            "ddos_protection_mode": "VirtualNetworkInherited",
            "ddos_protection_plan_id": null,
            "domain_name_label": "",
            "domain_name_label_scope": "",
            "edge_zone": "",
            "fqdn": "",
            "id": "/subscriptions/3a2b3e52-7ab7-4b46-af65-cddfb1489b0a/resourceGroups/flight-reservation-application-vm-dev-rg/providers/Microsoft.Network/publicIPAddresses/flight-reservation-application-monitoring-pip",
            "idle_timeout_in_minutes": 4,
            "ip_address": "20.175.84.206",
            "ip_tags": {},
            "ip_version": "IPv4",
            "location": "canadaeast",
            "name": "flight-reservation-application-monitoring-pip",
            "public_ip_prefix_id": null,
            "resource_group_name": "flight-reservation-application-vm-dev-rg",
            "reverse_fqdn": "",
            "sku": "Standard",
            "sku_tier": "Regional",
            "tags": {},
            "timeouts": null,
            "zones": []
          },
          "sensitive_attributes": [],
          "identity_schema_version": 0,
          "identity": {
            "name": "flight-reservation-application-monitoring-pip",
            "resource_group_name": "flight-reservation-application-vm-dev-rg",
            "subscription_id": "3a2b3e52-7ab7-4b46-af65-cddfb1489b0a"
          },
          "private": "eyJlMmJmYjczMC1lY2FhLTExZTYtOGY4OC0zNDM2M2JjN2M0YzAiOnsiY3JlYXRlIjoxODAwMDAwMDAwMDAwLCJkZWxldGUiOjE4MDAwMDAwMDAwMDAsInJlYWQiOjMwMDAwMDAwMDAwMCwidXBkYXRlIjoxODAwMDAwMDAwMDAwfX0=",
          "dependencies": [
            "module.vm_network.azurerm_resource_group.this",
            "module.vm_network.azurerm_subnet.this",
            "module.vm_network.azurerm_virtual_network.this"
          ]
        }
      ]
    },
    {
      "module": "module.vm_network",
      "mode": "managed",
      "type": "azurerm_network_security_group",
      "name": "this",
      "provider": "provider[\"registry.terraform.io/hashicorp/azurerm\"]",
      "instances": [
        {
          "index_key": "ci",
          "schema_version": 0,
          "attributes": {
            "id": "/subscriptions/3a2b3e52-7ab7-4b46-af65-cddfb1489b0a/resourceGroups/flight-reservation-application-vm-dev-rg/providers/Microsoft.Network/networkSecurityGroups/snet-ci-nsg",
            "location": "canadaeast",
            "name": "snet-ci-nsg",
            "resource_group_name": "flight-reservation-application-vm-dev-rg",
            "security_rule": [
              {
                "access": "Allow",
                "description": "",
                "destination_address_prefix": "*",
                "destination_address_prefixes": [],
                "destination_application_security_group_ids": [],
                "destination_port_range": "22",
                "destination_port_ranges": [],
                "direction": "Inbound",
                "name": "AllowSSH",
                "priority": 100,
                "protocol": "Tcp",
                "source_address_prefix": "*",
                "source_address_prefixes": [],
                "source_application_security_group_ids": [],
                "source_port_range": "*",
                "source_port_ranges": []
              }
            ],
            "tags": {},
            "timeouts": null
          },
          "sensitive_attributes": [],
          "identity_schema_version": 0,
          "identity": {
            "name": "snet-ci-nsg",
            "resource_group_name": "flight-reservation-application-vm-dev-rg",
            "subscription_id": "3a2b3e52-7ab7-4b46-af65-cddfb1489b0a"
          },
          "private": "eyJlMmJmYjczMC1lY2FhLTExZTYtOGY4OC0zNDM2M2JjN2M0YzAiOnsiY3JlYXRlIjoxODAwMDAwMDAwMDAwLCJkZWxldGUiOjE4MDAwMDAwMDAwMDAsInJlYWQiOjMwMDAwMDAwMDAwMCwidXBkYXRlIjoxODAwMDAwMDAwMDAwfX0=",
          "dependencies": [
            "module.vm_network.azurerm_resource_group.this"
          ]
        },
        {
          "index_key": "monitoring",
          "schema_version": 0,
          "attributes": {
            "id": "/subscriptions/3a2b3e52-7ab7-4b46-af65-cddfb1489b0a/resourceGroups/flight-reservation-application-vm-dev-rg/providers/Microsoft.Network/networkSecurityGroups/snet-monitoring-nsg",
            "location": "canadaeast",
            "name": "snet-monitoring-nsg",
            "resource_group_name": "flight-reservation-application-vm-dev-rg",
            "security_rule": [
              {
                "access": "Allow",
                "description": "",
                "destination_address_prefix": "*",
                "destination_address_prefixes": [],
                "destination_application_security_group_ids": [],
                "destination_port_range": "22",
                "destination_port_ranges": [],
                "direction": "Inbound",
                "name": "AllowSSH",
                "priority": 100,
                "protocol": "Tcp",
                "source_address_prefix": "*",
                "source_address_prefixes": [],
                "source_application_security_group_ids": [],
                "source_port_range": "*",
                "source_port_ranges": []
              }
            ],
            "tags": {},
            "timeouts": null
          },
          "sensitive_attributes": [],
          "identity_schema_version": 0,
          "identity": {
            "name": "snet-monitoring-nsg",
            "resource_group_name": "flight-reservation-application-vm-dev-rg",
            "subscription_id": "3a2b3e52-7ab7-4b46-af65-cddfb1489b0a"
          },
          "private": "eyJlMmJmYjczMC1lY2FhLTExZTYtOGY4OC0zNDM2M2JjN2M0YzAiOnsiY3JlYXRlIjoxODAwMDAwMDAwMDAwLCJkZWxldGUiOjE4MDAwMDAwMDAwMDAsInJlYWQiOjMwMDAwMDAwMDAwMCwidXBkYXRlIjoxODAwMDAwMDAwMDAwfSwic2NoZW1hX3ZlcnNpb24iOiIwIn0=",
          "dependencies": [
            "module.vm_network.azurerm_resource_group.this"
          ]
        }
      ]
    },
    {
      "module": "module.vm_network",
      "mode": "managed",
      "type": "azurerm_resource_group",
      "name": "this",
      "provider": "provider[\"registry.terraform.io/hashicorp/azurerm\"]",
      "instances": [
        {
          "schema_version": 0,
          "attributes": {
            "id": "/subscriptions/3a2b3e52-7ab7-4b46-af65-cddfb1489b0a/resourceGroups/flight-reservation-application-vm-dev-rg",
            "location": "canadaeast",
            "managed_by": "",
            "name": "flight-reservation-application-vm-dev-rg",
            "tags": {},
            "timeouts": null
          },
          "sensitive_attributes": [],
          "identity_schema_version": 0,
          "identity": {
            "name": "flight-reservation-application-vm-dev-rg",
            "subscription_id": "3a2b3e52-7ab7-4b46-af65-cddfb1489b0a"
          },
          "private": "eyJlMmJmYjczMC1lY2FhLTExZTYtOGY4OC0zNDM2M2JjN2M0YzAiOnsiY3JlYXRlIjo1NDAwMDAwMDAwMDAwLCJkZWxldGUiOjU0MDAwMDAwMDAwMDAsInJlYWQiOjMwMDAwMDAwMDAwMCwidXBkYXRlIjo1NDAwMDAwMDAwMDAwfX0="
        }
      ]
    },
    {
      "module": "module.vm_network",
      "mode": "managed",
      "type": "azurerm_subnet",
      "name": "this",
      "provider": "provider[\"registry.terraform.io/hashicorp/azurerm\"]",
      "instances": [
        {
          "index_key": "ci",
          "schema_version": 0,
          "attributes": {
            "address_prefixes": [
              "10.10.1.0/24"
            ],
            "default_outbound_access_enabled": true,
            "delegation": [],
            "id": "/subscriptions/3a2b3e52-7ab7-4b46-af65-cddfb1489b0a/resourceGroups/flight-reservation-application-vm-dev-rg/providers/Microsoft.Network/virtualNetworks/flight-reservation-application-vm-dev-vnet/subnets/snet-ci",
            "ip_address_pool": [],
            "name": "snet-ci",
            "private_endpoint_network_policies": "Disabled",
            "private_link_service_network_policies_enabled": true,
            "resource_group_name": "flight-reservation-application-vm-dev-rg",
            "service_endpoint_policy_ids": [],
            "service_endpoints": [],
            "sharing_scope": "",
            "timeouts": null,
            "virtual_network_name": "flight-reservation-application-vm-dev-vnet"
          },
          "sensitive_attributes": [],
          "identity_schema_version": 0,
          "identity": {
            "name": "snet-ci",
            "resource_group_name": "flight-reservation-application-vm-dev-rg",
            "subscription_id": "3a2b3e52-7ab7-4b46-af65-cddfb1489b0a",
            "virtual_network_name": "flight-reservation-application-vm-dev-vnet"
          },
          "private": "eyJlMmJmYjczMC1lY2FhLTExZTYtOGY4OC0zNDM2M2JjN2M0YzAiOnsiY3JlYXRlIjoxODAwMDAwMDAwMDAwLCJkZWxldGUiOjE4MDAwMDAwMDAwMDAsInJlYWQiOjMwMDAwMDAwMDAwMCwidXBkYXRlIjoxODAwMDAwMDAwMDAwfX0=",
          "dependencies": [
            "module.vm_network.azurerm_resource_group.this",
            "module.vm_network.azurerm_virtual_network.this"
          ]
        },
        {
          "index_key": "monitoring",
          "schema_version": 0,
          "attributes": {
            "address_prefixes": [
              "10.10.2.0/24"
            ],
            "default_outbound_access_enabled": true,
            "delegation": [],
            "id": "/subscriptions/3a2b3e52-7ab7-4b46-af65-cddfb1489b0a/resourceGroups/flight-reservation-application-vm-dev-rg/providers/Microsoft.Network/virtualNetworks/flight-reservation-application-vm-dev-vnet/subnets/snet-monitoring",
            "ip_address_pool": [],
            "name": "snet-monitoring",
            "private_endpoint_network_policies": "Disabled",
            "private_link_service_network_policies_enabled": true,
            "resource_group_name": "flight-reservation-application-vm-dev-rg",
            "service_endpoint_policy_ids": [],
            "service_endpoints": [],
            "sharing_scope": "",
            "timeouts": null,
            "virtual_network_name": "flight-reservation-application-vm-dev-vnet"
          },
          "sensitive_attributes": [],
          "identity_schema_version": 0,
          "identity": {
            "name": "snet-monitoring",
            "resource_group_name": "flight-reservation-application-vm-dev-rg",
            "subscription_id": "3a2b3e52-7ab7-4b46-af65-cddfb1489b0a",
            "virtual_network_name": "flight-reservation-application-vm-dev-vnet"
          },
          "private": "eyJlMmJmYjczMC1lY2FhLTExZTYtOGY4OC0zNDM2M2JjN2M0YzAiOnsiY3JlYXRlIjoxODAwMDAwMDAwMDAwLCJkZWxldGUiOjE4MDAwMDAwMDAwMDAsInJlYWQiOjMwMDAwMDAwMDAwMCwidXBkYXRlIjoxODAwMDAwMDAwMDAwfX0=",
          "dependencies": [
            "module.vm_network.azurerm_resource_group.this",
            "module.vm_network.azurerm_virtual_network.this"
          ]
        }
      ]
    },
    {
      "module": "module.vm_network",
      "mode": "managed",
      "type": "azurerm_subnet_network_security_group_association",
      "name": "this",
      "provider": "provider[\"registry.terraform.io/hashicorp/azurerm\"]",
      "instances": [
        {
          "index_key": "ci",
          "schema_version": 0,
          "attributes": {
            "id": "/subscriptions/3a2b3e52-7ab7-4b46-af65-cddfb1489b0a/resourceGroups/flight-reservation-application-vm-dev-rg/providers/Microsoft.Network/virtualNetworks/flight-reservation-application-vm-dev-vnet/subnets/snet-ci",
            "network_security_group_id": "/subscriptions/3a2b3e52-7ab7-4b46-af65-cddfb1489b0a/resourceGroups/flight-reservation-application-vm-dev-rg/providers/Microsoft.Network/networkSecurityGroups/snet-ci-nsg",
            "subnet_id": "/subscriptions/3a2b3e52-7ab7-4b46-af65-cddfb1489b0a/resourceGroups/flight-reservation-application-vm-dev-rg/providers/Microsoft.Network/virtualNetworks/flight-reservation-application-vm-dev-vnet/subnets/snet-ci",
            "timeouts": null
          },
          "sensitive_attributes": [],
          "identity_schema_version": 0,
          "private": "eyJlMmJmYjczMC1lY2FhLTExZTYtOGY4OC0zNDM2M2JjN2M0YzAiOnsiY3JlYXRlIjoxODAwMDAwMDAwMDAwLCJkZWxldGUiOjE4MDAwMDAwMDAwMDAsInJlYWQiOjMwMDAwMDAwMDAwMH19",
          "dependencies": [
            "module.vm_network.azurerm_network_security_group.this",
            "module.vm_network.azurerm_resource_group.this",
            "module.vm_network.azurerm_subnet.this",
            "module.vm_network.azurerm_virtual_network.this"
          ]
        },
        {
          "index_key": "monitoring",
          "schema_version": 0,
          "attributes": {
            "id": "/subscriptions/3a2b3e52-7ab7-4b46-af65-cddfb1489b0a/resourceGroups/flight-reservation-application-vm-dev-rg/providers/Microsoft.Network/virtualNetworks/flight-reservation-application-vm-dev-vnet/subnets/snet-monitoring",
            "network_security_group_id": "/subscriptions/3a2b3e52-7ab7-4b46-af65-cddfb1489b0a/resourceGroups/flight-reservation-application-vm-dev-rg/providers/Microsoft.Network/networkSecurityGroups/snet-monitoring-nsg",
            "subnet_id": "/subscriptions/3a2b3e52-7ab7-4b46-af65-cddfb1489b0a/resourceGroups/flight-reservation-application-vm-dev-rg/providers/Microsoft.Network/virtualNetworks/flight-reservation-application-vm-dev-vnet/subnets/snet-monitoring",
            "timeouts": null
          },
          "sensitive_attributes": [],
          "identity_schema_version": 0,
          "private": "eyJlMmJmYjczMC1lY2FhLTExZTYtOGY4OC0zNDM2M2JjN2M0YzAiOnsiY3JlYXRlIjoxODAwMDAwMDAwMDAwLCJkZWxldGUiOjE4MDAwMDAwMDAwMDAsInJlYWQiOjMwMDAwMDAwMDAwMH19",
          "dependencies": [
            "module.vm_network.azurerm_network_security_group.this",
            "module.vm_network.azurerm_resource_group.this",
            "module.vm_network.azurerm_subnet.this",
            "module.vm_network.azurerm_virtual_network.this"
          ]
        }
      ]
    },
    {
      "module": "module.vm_network",
      "mode": "managed",
      "type": "azurerm_virtual_network",
      "name": "this",
      "provider": "provider[\"registry.terraform.io/hashicorp/azurerm\"]",
      "instances": [
        {
          "schema_version": 0,
          "attributes": {
            "address_space": [
              "10.10.0.0/16"
            ],
            "bgp_community": "",
            "ddos_protection_plan": [],
            "dns_servers": [],
            "edge_zone": "",
            "encryption": [],
            "flow_timeout_in_minutes": 0,
            "guid": "c305e10a-a4f1-4c90-8c8b-cc3025d972d5",
            "id": "/subscriptions/3a2b3e52-7ab7-4b46-af65-cddfb1489b0a/resourceGroups/flight-reservation-application-vm-dev-rg/providers/Microsoft.Network/virtualNetworks/flight-reservation-application-vm-dev-vnet",
            "ip_address_pool": [],
            "location": "canadaeast",
            "name": "flight-reservation-application-vm-dev-vnet",
            "private_endpoint_vnet_policies": "Disabled",
            "resource_group_name": "flight-reservation-application-vm-dev-rg",
            "subnet": [
              {
                "address_prefixes": [
                  "10.10.1.0/24"
                ],
                "default_outbound_access_enabled": true,
                "delegation": [],
                "id": "/subscriptions/3a2b3e52-7ab7-4b46-af65-cddfb1489b0a/resourceGroups/flight-reservation-application-vm-dev-rg/providers/Microsoft.Network/virtualNetworks/flight-reservation-application-vm-dev-vnet/subnets/snet-ci",
                "name": "snet-ci",
                "private_endpoint_network_policies": "Disabled",
                "private_link_service_network_policies_enabled": true,
                "route_table_id": "",
                "security_group": "",
                "service_endpoint_policy_ids": [],
                "service_endpoints": []
              },
              {
                "address_prefixes": [
                  "10.10.2.0/24"
                ],
                "default_outbound_access_enabled": true,
                "delegation": [],
                "id": "/subscriptions/3a2b3e52-7ab7-4b46-af65-cddfb1489b0a/resourceGroups/flight-reservation-application-vm-dev-rg/providers/Microsoft.Network/virtualNetworks/flight-reservation-application-vm-dev-vnet/subnets/snet-monitoring",
                "name": "snet-monitoring",
                "private_endpoint_network_policies": "Disabled",
                "private_link_service_network_policies_enabled": true,
                "route_table_id": "",
                "security_group": "",
                "service_endpoint_policy_ids": [],
                "service_endpoints": []
              }
            ],
            "tags": {},
            "timeouts": null
          },
          "sensitive_attributes": [],
          "identity_schema_version": 0,
          "identity": {
            "name": "flight-reservation-application-vm-dev-vnet",
            "resource_group_name": "flight-reservation-application-vm-dev-rg",
            "subscription_id": "3a2b3e52-7ab7-4b46-af65-cddfb1489b0a"
          },
          "private": "eyJlMmJmYjczMC1lY2FhLTExZTYtOGY4OC0zNDM2M2JjN2M0YzAiOnsiY3JlYXRlIjoxODAwMDAwMDAwMDAwLCJkZWxldGUiOjE4MDAwMDAwMDAwMDAsInJlYWQiOjMwMDAwMDAwMDAwMCwidXBkYXRlIjoxODAwMDAwMDAwMDAwfX0=",
          "dependencies": [
            "module.vm_network.azurerm_resource_group.this"
          ]
        }
      ]
    }
  ],
  "check_results": null
}
